// !$*UTF8*$!
{
	archiveVersion = 1;
	classes = {
	};
	objectVersion = 50;
	objects = {

/* Begin PBXBuildFile section */
		1D28448E2551273F008C7288 /* CustomTabBar.swift in Sources */ = {isa = PBXBuildFile; fileRef = 1D28448D2551273F008C7288 /* CustomTabBar.swift */; };
		1D3064442558A54C0076CC5E /* AutoCompleteTextField.swift in Sources */ = {isa = PBXBuildFile; fileRef = 1D3064432558A54C0076CC5E /* AutoCompleteTextField.swift */; };
		1D45DCF1255F386700B9F5BC /* SettingsViewController.swift in Sources */ = {isa = PBXBuildFile; fileRef = 1D45DCF0255F386700B9F5BC /* SettingsViewController.swift */; };
		1D4D7A28255CA19D001F70AB /* AutoCompleteCell.swift in Sources */ = {isa = PBXBuildFile; fileRef = 1D4D7A27255CA19D001F70AB /* AutoCompleteCell.swift */; };
		1D50F1A52556421E00E65DE3 /* CircleButton.swift in Sources */ = {isa = PBXBuildFile; fileRef = 1D50F1A42556421E00E65DE3 /* CircleButton.swift */; };
		1D51E8732544AB1400029560 /* StandardButton.swift in Sources */ = {isa = PBXBuildFile; fileRef = 1D51E8722544AB1400029560 /* StandardButton.swift */; };
		1D5611C72554B92F0000E16A /* UserDefaultsKey.swift in Sources */ = {isa = PBXBuildFile; fileRef = 1D5611C62554B92F0000E16A /* UserDefaultsKey.swift */; };
		1D685DB12549CC5A006F0E5E /* ScheduleDetailCell.swift in Sources */ = {isa = PBXBuildFile; fileRef = 1D685DB02549CC5A006F0E5E /* ScheduleDetailCell.swift */; };
		1D685DBD254F27EB006F0E5E /* CustomColor.swift in Sources */ = {isa = PBXBuildFile; fileRef = 1D685DBC254F27EB006F0E5E /* CustomColor.swift */; };
		1D685DD4254F6997006F0E5E /* PersistentModel.xcdatamodeld in Sources */ = {isa = PBXBuildFile; fileRef = 1D685DD2254F6997006F0E5E /* PersistentModel.xcdatamodeld */; };
		1D685DD9254F69E3006F0E5E /* CoreDataManager.swift in Sources */ = {isa = PBXBuildFile; fileRef = 1D685DD8254F69E3006F0E5E /* CoreDataManager.swift */; };
		1D685E06254F8E36006F0E5E /* Weekday+Convenience.swift in Sources */ = {isa = PBXBuildFile; fileRef = 1D685E05254F8E36006F0E5E /* Weekday+Convenience.swift */; };
		1D6E3C622569A1AB00A8F163 /* TopGainsCell.swift in Sources */ = {isa = PBXBuildFile; fileRef = 1D6E3C612569A1AB00A8F163 /* TopGainsCell.swift */; };
		1D8CF9CB2550EF2100588E82 /* ExercisePermanentRecord+CoreDataClass.swift in Sources */ = {isa = PBXBuildFile; fileRef = 1D8CF9C92550EF2100588E82 /* ExercisePermanentRecord+CoreDataClass.swift */; };
		1D8CF9CC2550EF2100588E82 /* ExercisePermanentRecord+CoreDataProperties.swift in Sources */ = {isa = PBXBuildFile; fileRef = 1D8CF9CA2550EF2100588E82 /* ExercisePermanentRecord+CoreDataProperties.swift */; };
		1D9A48462568D6CF00036B71 /* CustomButton.swift in Sources */ = {isa = PBXBuildFile; fileRef = 1D9A48452568D6CF00036B71 /* CustomButton.swift */; };
		1D9AD6552558ED9100FA21D1 /* ExerciseController.swift in Sources */ = {isa = PBXBuildFile; fileRef = 1D9AD6542558ED9100FA21D1 /* ExerciseController.swift */; };
		1D9AD7172559129400FA21D1 /* Exercise+Convenience.swift in Sources */ = {isa = PBXBuildFile; fileRef = 1D9AD7162559129400FA21D1 /* Exercise+Convenience.swift */; };
		1D9B54822561BE3900DA102A /* WorkoutCell.swift in Sources */ = {isa = PBXBuildFile; fileRef = 1D9B54812561BE3900DA102A /* WorkoutCell.swift */; };
		1D9B54CC2561E94600DA102A /* AppearanceSettingCell.swift in Sources */ = {isa = PBXBuildFile; fileRef = 1D9B54CB2561E94600DA102A /* AppearanceSettingCell.swift */; };
		1D9B54D7256229F000DA102A /* GeneralSettingsCell.swift in Sources */ = {isa = PBXBuildFile; fileRef = 1D9B54D6256229F000DA102A /* GeneralSettingsCell.swift */; };
		1D9B555725635F8300DA102A /* TopGainsViewController.swift in Sources */ = {isa = PBXBuildFile; fileRef = 1D9B555625635F8300DA102A /* TopGainsViewController.swift */; };
		1D9B555C2563615500DA102A /* WorkoutViewController.swift in Sources */ = {isa = PBXBuildFile; fileRef = 1D9B555B2563615500DA102A /* WorkoutViewController.swift */; };
		1D9FCCD7253B66770081429F /* AppDelegate.swift in Sources */ = {isa = PBXBuildFile; fileRef = 1D9FCCD6253B66770081429F /* AppDelegate.swift */; };
		1D9FCCD9253B66770081429F /* SceneDelegate.swift in Sources */ = {isa = PBXBuildFile; fileRef = 1D9FCCD8253B66770081429F /* SceneDelegate.swift */; };
		1D9FCCDE253B66770081429F /* Main.storyboard in Resources */ = {isa = PBXBuildFile; fileRef = 1D9FCCDC253B66770081429F /* Main.storyboard */; };
		1D9FCCE0253B667A0081429F /* Assets.xcassets in Resources */ = {isa = PBXBuildFile; fileRef = 1D9FCCDF253B667A0081429F /* Assets.xcassets */; };
		1D9FCCE3253B667A0081429F /* LaunchScreen.storyboard in Resources */ = {isa = PBXBuildFile; fileRef = 1D9FCCE1253B667A0081429F /* LaunchScreen.storyboard */; };
		1D9FCCEE253B667A0081429F /* SimpleWorkoutTests.swift in Sources */ = {isa = PBXBuildFile; fileRef = 1D9FCCED253B667A0081429F /* SimpleWorkoutTests.swift */; };
		1D9FCCF9253B667A0081429F /* SimpleWorkoutUITests.swift in Sources */ = {isa = PBXBuildFile; fileRef = 1D9FCCF8253B667A0081429F /* SimpleWorkoutUITests.swift */; };
		1D9FCD0D253B66E70081429F /* GuardDebugOperator.swift in Sources */ = {isa = PBXBuildFile; fileRef = 1D9FCD0C253B66E70081429F /* GuardDebugOperator.swift */; };
		1D9FCD74253D16AC0081429F /* SettingsViewModel.swift in Sources */ = {isa = PBXBuildFile; fileRef = 1D9FCD73253D16AC0081429F /* SettingsViewModel.swift */; };
		1D9FCD86253D1E9C0081429F /* ScheduleViewController.swift in Sources */ = {isa = PBXBuildFile; fileRef = 1D9FCD85253D1E9C0081429F /* ScheduleViewController.swift */; };
		1D9FCDC3253D31F10081429F /* SegueId.swift in Sources */ = {isa = PBXBuildFile; fileRef = 1D9FCDC2253D31F10081429F /* SegueId.swift */; };
		1D9FCDC8253D35D30081429F /* ScheduleDetailViewController.swift in Sources */ = {isa = PBXBuildFile; fileRef = 1D9FCDC7253D35D30081429F /* ScheduleDetailViewController.swift */; };
		1DA49F442544CA6200097F0D /* ExercisePermanentRecordController.swift in Sources */ = {isa = PBXBuildFile; fileRef = 1DA49F432544CA6200097F0D /* ExercisePermanentRecordController.swift */; };
		1DAA0212255F05D40066FC35 /* CustomCell.swift in Sources */ = {isa = PBXBuildFile; fileRef = 1DAA0211255F05D40066FC35 /* CustomCell.swift */; };
		1DAA021E255F083A0066FC35 /* CustomTableView.swift in Sources */ = {isa = PBXBuildFile; fileRef = 1DAA021D255F083A0066FC35 /* CustomTableView.swift */; };
		1DAA022E255F095A0066FC35 /* CustomViewController.swift in Sources */ = {isa = PBXBuildFile; fileRef = 1DAA022D255F095A0066FC35 /* CustomViewController.swift */; };
		1DAA0233255F09D80066FC35 /* CustomTableViewController.swift in Sources */ = {isa = PBXBuildFile; fileRef = 1DAA0232255F09D80066FC35 /* CustomTableViewController.swift */; };
		1DAA023E255F0D4D0066FC35 /* CustomNavigationController.swift in Sources */ = {isa = PBXBuildFile; fileRef = 1DAA023D255F0D4D0066FC35 /* CustomNavigationController.swift */; };
		1DB1691A255C85B8002FCB8A /* ReusableView.swift in Sources */ = {isa = PBXBuildFile; fileRef = 1DB16919255C85B8002FCB8A /* ReusableView.swift */; };
		1DB1691F255C86A1002FCB8A /* UITableView.swift in Sources */ = {isa = PBXBuildFile; fileRef = 1DB1691E255C86A1002FCB8A /* UITableView.swift */; };
		1DB16936255C8875002FCB8A /* ScheduleCell.swift in Sources */ = {isa = PBXBuildFile; fileRef = 1DB16935255C8875002FCB8A /* ScheduleCell.swift */; };
		1DD78205254660E8008A83A9 /* AutoCompleteTableView.swift in Sources */ = {isa = PBXBuildFile; fileRef = 1DD78204254660E8008A83A9 /* AutoCompleteTableView.swift */; };
		1DD7821F25467FE5008A83A9 /* NumberTextField.swift in Sources */ = {isa = PBXBuildFile; fileRef = 1DD7821E25467FE5008A83A9 /* NumberTextField.swift */; };
/* End PBXBuildFile section */

/* Begin PBXContainerItemProxy section */
		1D9FCCEA253B667A0081429F /* PBXContainerItemProxy */ = {
			isa = PBXContainerItemProxy;
			containerPortal = 1D9FCCCB253B66770081429F /* Project object */;
			proxyType = 1;
			remoteGlobalIDString = 1D9FCCD2253B66770081429F;
			remoteInfo = SimpleWorkout;
		};
		1D9FCCF5253B667A0081429F /* PBXContainerItemProxy */ = {
			isa = PBXContainerItemProxy;
			containerPortal = 1D9FCCCB253B66770081429F /* Project object */;
			proxyType = 1;
			remoteGlobalIDString = 1D9FCCD2253B66770081429F;
			remoteInfo = SimpleWorkout;
		};
/* End PBXContainerItemProxy section */

/* Begin PBXFileReference section */
		1D28448D2551273F008C7288 /* CustomTabBar.swift */ = {isa = PBXFileReference; fileEncoding = 4; lastKnownFileType = sourcecode.swift; path = CustomTabBar.swift; sourceTree = "<group>"; };
		1D3064432558A54C0076CC5E /* AutoCompleteTextField.swift */ = {isa = PBXFileReference; lastKnownFileType = sourcecode.swift; path = AutoCompleteTextField.swift; sourceTree = "<group>"; };
		1D45DCF0255F386700B9F5BC /* SettingsViewController.swift */ = {isa = PBXFileReference; lastKnownFileType = sourcecode.swift; path = SettingsViewController.swift; sourceTree = "<group>"; };
		1D4D7A27255CA19D001F70AB /* AutoCompleteCell.swift */ = {isa = PBXFileReference; lastKnownFileType = sourcecode.swift; path = AutoCompleteCell.swift; sourceTree = "<group>"; };
		1D50F1A42556421E00E65DE3 /* CircleButton.swift */ = {isa = PBXFileReference; lastKnownFileType = sourcecode.swift; path = CircleButton.swift; sourceTree = "<group>"; };
		1D51E8722544AB1400029560 /* StandardButton.swift */ = {isa = PBXFileReference; lastKnownFileType = sourcecode.swift; path = StandardButton.swift; sourceTree = "<group>"; };
		1D5611C62554B92F0000E16A /* UserDefaultsKey.swift */ = {isa = PBXFileReference; lastKnownFileType = sourcecode.swift; path = UserDefaultsKey.swift; sourceTree = "<group>"; };
		1D685DB02549CC5A006F0E5E /* ScheduleDetailCell.swift */ = {isa = PBXFileReference; lastKnownFileType = sourcecode.swift; path = ScheduleDetailCell.swift; sourceTree = "<group>"; };
		1D685DBC254F27EB006F0E5E /* CustomColor.swift */ = {isa = PBXFileReference; lastKnownFileType = sourcecode.swift; path = CustomColor.swift; sourceTree = "<group>"; };
		1D685DD3254F6997006F0E5E /* PersistentModel.xcdatamodel */ = {isa = PBXFileReference; lastKnownFileType = wrapper.xcdatamodel; path = PersistentModel.xcdatamodel; sourceTree = "<group>"; };
		1D685DD8254F69E3006F0E5E /* CoreDataManager.swift */ = {isa = PBXFileReference; lastKnownFileType = sourcecode.swift; path = CoreDataManager.swift; sourceTree = "<group>"; };
		1D685E05254F8E36006F0E5E /* Weekday+Convenience.swift */ = {isa = PBXFileReference; lastKnownFileType = sourcecode.swift; path = "Weekday+Convenience.swift"; sourceTree = "<group>"; };
		1D6E3C612569A1AB00A8F163 /* TopGainsCell.swift */ = {isa = PBXFileReference; lastKnownFileType = sourcecode.swift; path = TopGainsCell.swift; sourceTree = "<group>"; };
		1D8CF9C92550EF2100588E82 /* ExercisePermanentRecord+CoreDataClass.swift */ = {isa = PBXFileReference; lastKnownFileType = sourcecode.swift; path = "ExercisePermanentRecord+CoreDataClass.swift"; sourceTree = "<group>"; };
		1D8CF9CA2550EF2100588E82 /* ExercisePermanentRecord+CoreDataProperties.swift */ = {isa = PBXFileReference; lastKnownFileType = sourcecode.swift; path = "ExercisePermanentRecord+CoreDataProperties.swift"; sourceTree = "<group>"; };
		1D9A48452568D6CF00036B71 /* CustomButton.swift */ = {isa = PBXFileReference; lastKnownFileType = sourcecode.swift; path = CustomButton.swift; sourceTree = "<group>"; };
		1D9AD6542558ED9100FA21D1 /* ExerciseController.swift */ = {isa = PBXFileReference; lastKnownFileType = sourcecode.swift; path = ExerciseController.swift; sourceTree = "<group>"; };
		1D9AD7162559129400FA21D1 /* Exercise+Convenience.swift */ = {isa = PBXFileReference; lastKnownFileType = sourcecode.swift; path = "Exercise+Convenience.swift"; sourceTree = "<group>"; };
		1D9B54812561BE3900DA102A /* WorkoutCell.swift */ = {isa = PBXFileReference; lastKnownFileType = sourcecode.swift; path = WorkoutCell.swift; sourceTree = "<group>"; };
		1D9B54CB2561E94600DA102A /* AppearanceSettingCell.swift */ = {isa = PBXFileReference; lastKnownFileType = sourcecode.swift; path = AppearanceSettingCell.swift; sourceTree = "<group>"; };
		1D9B54D6256229F000DA102A /* GeneralSettingsCell.swift */ = {isa = PBXFileReference; lastKnownFileType = sourcecode.swift; path = GeneralSettingsCell.swift; sourceTree = "<group>"; };
		1D9B555625635F8300DA102A /* TopGainsViewController.swift */ = {isa = PBXFileReference; lastKnownFileType = sourcecode.swift; path = TopGainsViewController.swift; sourceTree = "<group>"; };
		1D9B555B2563615500DA102A /* WorkoutViewController.swift */ = {isa = PBXFileReference; lastKnownFileType = sourcecode.swift; path = WorkoutViewController.swift; sourceTree = "<group>"; };
		1D9FCCD3253B66770081429F /* SimpleGains.app */ = {isa = PBXFileReference; explicitFileType = wrapper.application; includeInIndex = 0; path = SimpleGains.app; sourceTree = BUILT_PRODUCTS_DIR; };
		1D9FCCD6253B66770081429F /* AppDelegate.swift */ = {isa = PBXFileReference; lastKnownFileType = sourcecode.swift; path = AppDelegate.swift; sourceTree = "<group>"; };
		1D9FCCD8253B66770081429F /* SceneDelegate.swift */ = {isa = PBXFileReference; lastKnownFileType = sourcecode.swift; path = SceneDelegate.swift; sourceTree = "<group>"; };
		1D9FCCDD253B66770081429F /* Base */ = {isa = PBXFileReference; lastKnownFileType = file.storyboard; name = Base; path = Base.lproj/Main.storyboard; sourceTree = "<group>"; };
		1D9FCCDF253B667A0081429F /* Assets.xcassets */ = {isa = PBXFileReference; lastKnownFileType = folder.assetcatalog; path = Assets.xcassets; sourceTree = "<group>"; };
		1D9FCCE2253B667A0081429F /* Base */ = {isa = PBXFileReference; lastKnownFileType = file.storyboard; name = Base; path = Base.lproj/LaunchScreen.storyboard; sourceTree = "<group>"; };
		1D9FCCE4253B667A0081429F /* Info.plist */ = {isa = PBXFileReference; lastKnownFileType = text.plist.xml; path = Info.plist; sourceTree = "<group>"; };
		1D9FCCE9253B667A0081429F /* SimpleGainsTests.xctest */ = {isa = PBXFileReference; explicitFileType = wrapper.cfbundle; includeInIndex = 0; path = SimpleGainsTests.xctest; sourceTree = BUILT_PRODUCTS_DIR; };
		1D9FCCED253B667A0081429F /* SimpleWorkoutTests.swift */ = {isa = PBXFileReference; lastKnownFileType = sourcecode.swift; path = SimpleWorkoutTests.swift; sourceTree = "<group>"; };
		1D9FCCEF253B667A0081429F /* Info.plist */ = {isa = PBXFileReference; lastKnownFileType = text.plist.xml; path = Info.plist; sourceTree = "<group>"; };
		1D9FCCF4253B667A0081429F /* SimpleGainsUITests.xctest */ = {isa = PBXFileReference; explicitFileType = wrapper.cfbundle; includeInIndex = 0; path = SimpleGainsUITests.xctest; sourceTree = BUILT_PRODUCTS_DIR; };
		1D9FCCF8253B667A0081429F /* SimpleWorkoutUITests.swift */ = {isa = PBXFileReference; lastKnownFileType = sourcecode.swift; path = SimpleWorkoutUITests.swift; sourceTree = "<group>"; };
		1D9FCCFA253B667A0081429F /* Info.plist */ = {isa = PBXFileReference; lastKnownFileType = text.plist.xml; path = Info.plist; sourceTree = "<group>"; };
		1D9FCD0C253B66E70081429F /* GuardDebugOperator.swift */ = {isa = PBXFileReference; lastKnownFileType = sourcecode.swift; path = GuardDebugOperator.swift; sourceTree = "<group>"; };
		1D9FCD73253D16AC0081429F /* SettingsViewModel.swift */ = {isa = PBXFileReference; lastKnownFileType = sourcecode.swift; path = SettingsViewModel.swift; sourceTree = "<group>"; };
		1D9FCD85253D1E9C0081429F /* ScheduleViewController.swift */ = {isa = PBXFileReference; lastKnownFileType = sourcecode.swift; path = ScheduleViewController.swift; sourceTree = "<group>"; };
		1D9FCDC2253D31F10081429F /* SegueId.swift */ = {isa = PBXFileReference; lastKnownFileType = sourcecode.swift; path = SegueId.swift; sourceTree = "<group>"; };
		1D9FCDC7253D35D30081429F /* ScheduleDetailViewController.swift */ = {isa = PBXFileReference; lastKnownFileType = sourcecode.swift; path = ScheduleDetailViewController.swift; sourceTree = "<group>"; };
		1DA49F432544CA6200097F0D /* ExercisePermanentRecordController.swift */ = {isa = PBXFileReference; lastKnownFileType = sourcecode.swift; path = ExercisePermanentRecordController.swift; sourceTree = "<group>"; };
		1DAA0211255F05D40066FC35 /* CustomCell.swift */ = {isa = PBXFileReference; lastKnownFileType = sourcecode.swift; path = CustomCell.swift; sourceTree = "<group>"; };
		1DAA021D255F083A0066FC35 /* CustomTableView.swift */ = {isa = PBXFileReference; lastKnownFileType = sourcecode.swift; path = CustomTableView.swift; sourceTree = "<group>"; };
		1DAA022D255F095A0066FC35 /* CustomViewController.swift */ = {isa = PBXFileReference; lastKnownFileType = sourcecode.swift; path = CustomViewController.swift; sourceTree = "<group>"; };
		1DAA0232255F09D80066FC35 /* CustomTableViewController.swift */ = {isa = PBXFileReference; lastKnownFileType = sourcecode.swift; path = CustomTableViewController.swift; sourceTree = "<group>"; };
		1DAA023D255F0D4D0066FC35 /* CustomNavigationController.swift */ = {isa = PBXFileReference; lastKnownFileType = sourcecode.swift; path = CustomNavigationController.swift; sourceTree = "<group>"; };
		1DB16919255C85B8002FCB8A /* ReusableView.swift */ = {isa = PBXFileReference; lastKnownFileType = sourcecode.swift; path = ReusableView.swift; sourceTree = "<group>"; };
		1DB1691E255C86A1002FCB8A /* UITableView.swift */ = {isa = PBXFileReference; lastKnownFileType = sourcecode.swift; path = UITableView.swift; sourceTree = "<group>"; };
		1DB16935255C8875002FCB8A /* ScheduleCell.swift */ = {isa = PBXFileReference; lastKnownFileType = sourcecode.swift; path = ScheduleCell.swift; sourceTree = "<group>"; };
		1DD78204254660E8008A83A9 /* AutoCompleteTableView.swift */ = {isa = PBXFileReference; lastKnownFileType = sourcecode.swift; path = AutoCompleteTableView.swift; sourceTree = "<group>"; };
		1DD7821E25467FE5008A83A9 /* NumberTextField.swift */ = {isa = PBXFileReference; lastKnownFileType = sourcecode.swift; path = NumberTextField.swift; sourceTree = "<group>"; };
/* End PBXFileReference section */

/* Begin PBXFrameworksBuildPhase section */
		1D9FCCD0253B66770081429F /* Frameworks */ = {
			isa = PBXFrameworksBuildPhase;
			buildActionMask = 2147483647;
			files = (
			);
			runOnlyForDeploymentPostprocessing = 0;
		};
		1D9FCCE6253B667A0081429F /* Frameworks */ = {
			isa = PBXFrameworksBuildPhase;
			buildActionMask = 2147483647;
			files = (
			);
			runOnlyForDeploymentPostprocessing = 0;
		};
		1D9FCCF1253B667A0081429F /* Frameworks */ = {
			isa = PBXFrameworksBuildPhase;
			buildActionMask = 2147483647;
			files = (
			);
			runOnlyForDeploymentPostprocessing = 0;
		};
/* End PBXFrameworksBuildPhase section */

/* Begin PBXGroup section */
		1D09845425698CE0000D9094 /* NavigationController */ = {
			isa = PBXGroup;
			children = (
				1DAA023D255F0D4D0066FC35 /* CustomNavigationController.swift */,
			);
			path = NavigationController;
			sourceTree = "<group>";
		};
		1D09845525698CEF000D9094 /* TabBar */ = {
			isa = PBXGroup;
			children = (
				1D28448D2551273F008C7288 /* CustomTabBar.swift */,
			);
			path = TabBar;
			sourceTree = "<group>";
		};
		1D09845625698CFF000D9094 /* TableView */ = {
			isa = PBXGroup;
			children = (
				1DAA021D255F083A0066FC35 /* CustomTableView.swift */,
				1DB1691E255C86A1002FCB8A /* UITableView.swift */,
			);
			path = TableView;
			sourceTree = "<group>";
		};
		1D09845725698D37000D9094 /* ViewController */ = {
			isa = PBXGroup;
			children = (
				1DAA022D255F095A0066FC35 /* CustomViewController.swift */,
				1D9FCDC2253D31F10081429F /* SegueId.swift */,
			);
			path = ViewController;
			sourceTree = "<group>";
		};
		1D09845825698D4D000D9094 /* TableViewController */ = {
			isa = PBXGroup;
			children = (
				1DAA0232255F09D80066FC35 /* CustomTableViewController.swift */,
				1DD78204254660E8008A83A9 /* AutoCompleteTableView.swift */,
			);
			path = TableViewController;
			sourceTree = "<group>";
		};
		1D09845925698D5C000D9094 /* Operators */ = {
			isa = PBXGroup;
			children = (
				1D9FCD0C253B66E70081429F /* GuardDebugOperator.swift */,
			);
			path = Operators;
			sourceTree = "<group>";
		};
		1D09845D25698D81000D9094 /* ViewModels */ = {
			isa = PBXGroup;
			children = (
				1D9FCD73253D16AC0081429F /* SettingsViewModel.swift */,
			);
			path = ViewModels;
			sourceTree = "<group>";
		};
		1D09845E25698D8F000D9094 /* UserDefaults */ = {
			isa = PBXGroup;
			children = (
				1D5611C62554B92F0000E16A /* UserDefaultsKey.swift */,
			);
			path = UserDefaults;
			sourceTree = "<group>";
		};
		1D3064482558A5550076CC5E /* CoreData */ = {
			isa = PBXGroup;
			children = (
				1D685DD8254F69E3006F0E5E /* CoreDataManager.swift */,
				1D685DD2254F6997006F0E5E /* PersistentModel.xcdatamodeld */,
				1D8CF9C92550EF2100588E82 /* ExercisePermanentRecord+CoreDataClass.swift */,
				1D8CF9CA2550EF2100588E82 /* ExercisePermanentRecord+CoreDataProperties.swift */,
				1D685E05254F8E36006F0E5E /* Weekday+Convenience.swift */,
				1D9AD7162559129400FA21D1 /* Exercise+Convenience.swift */,
			);
			path = CoreData;
			sourceTree = "<group>";
		};
		1D30644A2558A57F0076CC5E /* Buttons */ = {
			isa = PBXGroup;
			children = (
				1D9A48452568D6CF00036B71 /* CustomButton.swift */,
				1D51E8722544AB1400029560 /* StandardButton.swift */,
				1D50F1A42556421E00E65DE3 /* CircleButton.swift */,
			);
			path = Buttons;
			sourceTree = "<group>";
		};
		1D30644C2558A5A40076CC5E /* TextFields */ = {
			isa = PBXGroup;
			children = (
				1D3064432558A54C0076CC5E /* AutoCompleteTextField.swift */,
				1DD7821E25467FE5008A83A9 /* NumberTextField.swift */,
			);
			path = TextFields;
			sourceTree = "<group>";
		};
		1D9AD6412558E20000FA21D1 /* Cells */ = {
			isa = PBXGroup;
			children = (
				1DAA0211255F05D40066FC35 /* CustomCell.swift */,
				1DB16919255C85B8002FCB8A /* ReusableView.swift */,
				1DB16935255C8875002FCB8A /* ScheduleCell.swift */,
				1D685DB02549CC5A006F0E5E /* ScheduleDetailCell.swift */,
				1D4D7A27255CA19D001F70AB /* AutoCompleteCell.swift */,
				1D6E3C612569A1AB00A8F163 /* TopGainsCell.swift */,
				1D9B54812561BE3900DA102A /* WorkoutCell.swift */,
				1D9B54D6256229F000DA102A /* GeneralSettingsCell.swift */,
				1D9B54CB2561E94600DA102A /* AppearanceSettingCell.swift */,
			);
			path = Cells;
			sourceTree = "<group>";
		};
		1D9FCCCA253B66770081429F = {
			isa = PBXGroup;
			children = (
				1D9FCCE4253B667A0081429F /* Info.plist */,
				1D9FCCD5253B66770081429F /* SimpleWorkout */,
				1D9FCCEC253B667A0081429F /* SimpleWorkoutTests */,
				1D9FCCF7253B667A0081429F /* SimpleWorkoutUITests */,
				1D9FCCD4253B66770081429F /* Products */,
			);
			sourceTree = "<group>";
		};
		1D9FCCD4253B66770081429F /* Products */ = {
			isa = PBXGroup;
			children = (
				1D9FCCD3253B66770081429F /* SimpleGains.app */,
				1D9FCCE9253B667A0081429F /* SimpleGainsTests.xctest */,
				1D9FCCF4253B667A0081429F /* SimpleGainsUITests.xctest */,
			);
			name = Products;
			sourceTree = "<group>";
		};
		1D9FCCD5253B66770081429F /* SimpleWorkout */ = {
			isa = PBXGroup;
			children = (
				1D9FCD1B253B67670081429F /* Coordination */,
				1D9FCD1F253B67EF0081429F /* View Controllers */,
				1DA49F3A2544C29800097F0D /* Model Controllers */,
				1D9FCD20253B68160081429F /* Library */,
			);
			path = SimpleWorkout;
			sourceTree = "<group>";
		};
		1D9FCCEC253B667A0081429F /* SimpleWorkoutTests */ = {
			isa = PBXGroup;
			children = (
				1D9FCCED253B667A0081429F /* SimpleWorkoutTests.swift */,
				1D9FCCEF253B667A0081429F /* Info.plist */,
			);
			path = SimpleWorkoutTests;
			sourceTree = "<group>";
		};
		1D9FCCF7253B667A0081429F /* SimpleWorkoutUITests */ = {
			isa = PBXGroup;
			children = (
				1D9FCCF8253B667A0081429F /* SimpleWorkoutUITests.swift */,
				1D9FCCFA253B667A0081429F /* Info.plist */,
			);
			path = SimpleWorkoutUITests;
			sourceTree = "<group>";
		};
		1D9FCD1B253B67670081429F /* Coordination */ = {
			isa = PBXGroup;
			children = (
				1D9FCCE1253B667A0081429F /* LaunchScreen.storyboard */,
				1D9FCCDC253B66770081429F /* Main.storyboard */,
				1D9FCCD6253B66770081429F /* AppDelegate.swift */,
				1D9FCCD8253B66770081429F /* SceneDelegate.swift */,
			);
			path = Coordination;
			sourceTree = "<group>";
		};
		1D9FCD1F253B67EF0081429F /* View Controllers */ = {
			isa = PBXGroup;
			children = (
				1D9FCD85253D1E9C0081429F /* ScheduleViewController.swift */,
				1D9FCDC7253D35D30081429F /* ScheduleDetailViewController.swift */,
				1D9B555625635F8300DA102A /* TopGainsViewController.swift */,
				1D9B555B2563615500DA102A /* WorkoutViewController.swift */,
				1D45DCF0255F386700B9F5BC /* SettingsViewController.swift */,
			);
			path = "View Controllers";
			sourceTree = "<group>";
		};
		1D9FCD20253B68160081429F /* Library */ = {
			isa = PBXGroup;
			children = (
				1D09845E25698D8F000D9094 /* UserDefaults */,
				1D09845D25698D81000D9094 /* ViewModels */,
				1D09845925698D5C000D9094 /* Operators */,
				1D09845825698D4D000D9094 /* TableViewController */,
				1D09845725698D37000D9094 /* ViewController */,
				1D09845625698CFF000D9094 /* TableView */,
				1D09845425698CE0000D9094 /* NavigationController */,
				1D3064482558A5550076CC5E /* CoreData */,
				1D30644A2558A57F0076CC5E /* Buttons */,
				1D30644C2558A5A40076CC5E /* TextFields */,
				1D9AD6412558E20000FA21D1 /* Cells */,
				1D09845525698CEF000D9094 /* TabBar */,
				1DAA0219255F07BF0066FC35 /* Design */,
			);
			path = Library;
			sourceTree = "<group>";
		};
		1DA49F3A2544C29800097F0D /* Model Controllers */ = {
			isa = PBXGroup;
			children = (
				1DA49F432544CA6200097F0D /* ExercisePermanentRecordController.swift */,
				1D9AD6542558ED9100FA21D1 /* ExerciseController.swift */,
			);
			path = "Model Controllers";
			sourceTree = "<group>";
		};
		1DAA0219255F07BF0066FC35 /* Design */ = {
			isa = PBXGroup;
			children = (
				1D9FCCDF253B667A0081429F /* Assets.xcassets */,
				1D685DBC254F27EB006F0E5E /* CustomColor.swift */,
			);
			path = Design;
			sourceTree = "<group>";
		};
/* End PBXGroup section */

/* Begin PBXNativeTarget section */
		1D9FCCD2253B66770081429F /* SimpleGains */ = {
			isa = PBXNativeTarget;
			buildConfigurationList = 1D9FCCFD253B667A0081429F /* Build configuration list for PBXNativeTarget "SimpleGains" */;
			buildPhases = (
				1D9FCCCF253B66770081429F /* Sources */,
				1D9FCCD0253B66770081429F /* Frameworks */,
				1D9FCCD1253B66770081429F /* Resources */,
			);
			buildRules = (
			);
			dependencies = (
			);
			name = SimpleGains;
			productName = SimpleWorkout;
			productReference = 1D9FCCD3253B66770081429F /* SimpleGains.app */;
			productType = "com.apple.product-type.application";
		};
		1D9FCCE8253B667A0081429F /* SimpleGainsTests */ = {
			isa = PBXNativeTarget;
			buildConfigurationList = 1D9FCD00253B667A0081429F /* Build configuration list for PBXNativeTarget "SimpleGainsTests" */;
			buildPhases = (
				1D9FCCE5253B667A0081429F /* Sources */,
				1D9FCCE6253B667A0081429F /* Frameworks */,
				1D9FCCE7253B667A0081429F /* Resources */,
			);
			buildRules = (
			);
			dependencies = (
				1D9FCCEB253B667A0081429F /* PBXTargetDependency */,
			);
			name = SimpleGainsTests;
			productName = SimpleWorkoutTests;
			productReference = 1D9FCCE9253B667A0081429F /* SimpleGainsTests.xctest */;
			productType = "com.apple.product-type.bundle.unit-test";
		};
		1D9FCCF3253B667A0081429F /* SimpleGainsUITests */ = {
			isa = PBXNativeTarget;
			buildConfigurationList = 1D9FCD03253B667A0081429F /* Build configuration list for PBXNativeTarget "SimpleGainsUITests" */;
			buildPhases = (
				1D9FCCF0253B667A0081429F /* Sources */,
				1D9FCCF1253B667A0081429F /* Frameworks */,
				1D9FCCF2253B667A0081429F /* Resources */,
			);
			buildRules = (
			);
			dependencies = (
				1D9FCCF6253B667A0081429F /* PBXTargetDependency */,
			);
			name = SimpleGainsUITests;
			productName = SimpleWorkoutUITests;
			productReference = 1D9FCCF4253B667A0081429F /* SimpleGainsUITests.xctest */;
			productType = "com.apple.product-type.bundle.ui-testing";
		};
/* End PBXNativeTarget section */

/* Begin PBXProject section */
		1D9FCCCB253B66770081429F /* Project object */ = {
			isa = PBXProject;
			attributes = {
				LastSwiftUpdateCheck = 1200;
				LastUpgradeCheck = 1200;
				ORGANIZATIONNAME = ShawnJames;
				TargetAttributes = {
					1D9FCCD2253B66770081429F = {
						CreatedOnToolsVersion = 12.0.1;
					};
					1D9FCCE8253B667A0081429F = {
						CreatedOnToolsVersion = 12.0.1;
						TestTargetID = 1D9FCCD2253B66770081429F;
					};
					1D9FCCF3253B667A0081429F = {
						CreatedOnToolsVersion = 12.0.1;
						TestTargetID = 1D9FCCD2253B66770081429F;
					};
				};
			};
			buildConfigurationList = 1D9FCCCE253B66770081429F /* Build configuration list for PBXProject "SimpleGains" */;
			compatibilityVersion = "Xcode 9.3";
			developmentRegion = en;
			hasScannedForEncodings = 0;
			knownRegions = (
				en,
				Base,
			);
			mainGroup = 1D9FCCCA253B66770081429F;
			productRefGroup = 1D9FCCD4253B66770081429F /* Products */;
			projectDirPath = "";
			projectRoot = "";
			targets = (
				1D9FCCD2253B66770081429F /* SimpleGains */,
				1D9FCCE8253B667A0081429F /* SimpleGainsTests */,
				1D9FCCF3253B667A0081429F /* SimpleGainsUITests */,
			);
		};
/* End PBXProject section */

/* Begin PBXResourcesBuildPhase section */
		1D9FCCD1253B66770081429F /* Resources */ = {
			isa = PBXResourcesBuildPhase;
			buildActionMask = 2147483647;
			files = (
				1D9FCCE3253B667A0081429F /* LaunchScreen.storyboard in Resources */,
				1D9FCCE0253B667A0081429F /* Assets.xcassets in Resources */,
				1D9FCCDE253B66770081429F /* Main.storyboard in Resources */,
			);
			runOnlyForDeploymentPostprocessing = 0;
		};
		1D9FCCE7253B667A0081429F /* Resources */ = {
			isa = PBXResourcesBuildPhase;
			buildActionMask = 2147483647;
			files = (
			);
			runOnlyForDeploymentPostprocessing = 0;
		};
		1D9FCCF2253B667A0081429F /* Resources */ = {
			isa = PBXResourcesBuildPhase;
			buildActionMask = 2147483647;
			files = (
			);
			runOnlyForDeploymentPostprocessing = 0;
		};
/* End PBXResourcesBuildPhase section */

/* Begin PBXSourcesBuildPhase section */
		1D9FCCCF253B66770081429F /* Sources */ = {
			isa = PBXSourcesBuildPhase;
			buildActionMask = 2147483647;
			files = (
				1D4D7A28255CA19D001F70AB /* AutoCompleteCell.swift in Sources */,
				1D9FCD86253D1E9C0081429F /* ScheduleViewController.swift in Sources */,
				1D51E8732544AB1400029560 /* StandardButton.swift in Sources */,
				1D685DB12549CC5A006F0E5E /* ScheduleDetailCell.swift in Sources */,
				1D9A48462568D6CF00036B71 /* CustomButton.swift in Sources */,
				1D9AD7172559129400FA21D1 /* Exercise+Convenience.swift in Sources */,
				1D6E3C622569A1AB00A8F163 /* TopGainsCell.swift in Sources */,
				1DAA021E255F083A0066FC35 /* CustomTableView.swift in Sources */,
				1DB16936255C8875002FCB8A /* ScheduleCell.swift in Sources */,
				1D9FCDC3253D31F10081429F /* SegueId.swift in Sources */,
				1D685E06254F8E36006F0E5E /* Weekday+Convenience.swift in Sources */,
				1D685DD4254F6997006F0E5E /* PersistentModel.xcdatamodeld in Sources */,
				1D3064442558A54C0076CC5E /* AutoCompleteTextField.swift in Sources */,
				1D8CF9CC2550EF2100588E82 /* ExercisePermanentRecord+CoreDataProperties.swift in Sources */,
				1DAA022E255F095A0066FC35 /* CustomViewController.swift in Sources */,
				1DA49F442544CA6200097F0D /* ExercisePermanentRecordController.swift in Sources */,
				1D8CF9CB2550EF2100588E82 /* ExercisePermanentRecord+CoreDataClass.swift in Sources */,
				1D28448E2551273F008C7288 /* CustomTabBar.swift in Sources */,
				1D9FCD0D253B66E70081429F /* GuardDebugOperator.swift in Sources */,
				1D9B555725635F8300DA102A /* TopGainsViewController.swift in Sources */,
				1D45DCF1255F386700B9F5BC /* SettingsViewController.swift in Sources */,
				1DD7821F25467FE5008A83A9 /* NumberTextField.swift in Sources */,
				1DAA023E255F0D4D0066FC35 /* CustomNavigationController.swift in Sources */,
				1DB1691F255C86A1002FCB8A /* UITableView.swift in Sources */,
				1D685DD9254F69E3006F0E5E /* CoreDataManager.swift in Sources */,
				1D685DBD254F27EB006F0E5E /* CustomColor.swift in Sources */,
				1D50F1A52556421E00E65DE3 /* CircleButton.swift in Sources */,
				1D9B54CC2561E94600DA102A /* AppearanceSettingCell.swift in Sources */,
				1D9B555C2563615500DA102A /* WorkoutViewController.swift in Sources */,
				1DD78205254660E8008A83A9 /* AutoCompleteTableView.swift in Sources */,
				1D9FCCD7253B66770081429F /* AppDelegate.swift in Sources */,
				1D5611C72554B92F0000E16A /* UserDefaultsKey.swift in Sources */,
				1D9B54D7256229F000DA102A /* GeneralSettingsCell.swift in Sources */,
				1DB1691A255C85B8002FCB8A /* ReusableView.swift in Sources */,
				1D9FCCD9253B66770081429F /* SceneDelegate.swift in Sources */,
				1D9AD6552558ED9100FA21D1 /* ExerciseController.swift in Sources */,
				1D9FCD74253D16AC0081429F /* SettingsViewModel.swift in Sources */,
				1D9B54822561BE3900DA102A /* WorkoutCell.swift in Sources */,
				1D9FCDC8253D35D30081429F /* ScheduleDetailViewController.swift in Sources */,
				1DAA0212255F05D40066FC35 /* CustomCell.swift in Sources */,
				1DAA0233255F09D80066FC35 /* CustomTableViewController.swift in Sources */,
			);
			runOnlyForDeploymentPostprocessing = 0;
		};
		1D9FCCE5253B667A0081429F /* Sources */ = {
			isa = PBXSourcesBuildPhase;
			buildActionMask = 2147483647;
			files = (
				1D9FCCEE253B667A0081429F /* SimpleWorkoutTests.swift in Sources */,
			);
			runOnlyForDeploymentPostprocessing = 0;
		};
		1D9FCCF0253B667A0081429F /* Sources */ = {
			isa = PBXSourcesBuildPhase;
			buildActionMask = 2147483647;
			files = (
				1D9FCCF9253B667A0081429F /* SimpleWorkoutUITests.swift in Sources */,
			);
			runOnlyForDeploymentPostprocessing = 0;
		};
/* End PBXSourcesBuildPhase section */

/* Begin PBXTargetDependency section */
		1D9FCCEB253B667A0081429F /* PBXTargetDependency */ = {
			isa = PBXTargetDependency;
			target = 1D9FCCD2253B66770081429F /* SimpleGains */;
			targetProxy = 1D9FCCEA253B667A0081429F /* PBXContainerItemProxy */;
		};
		1D9FCCF6253B667A0081429F /* PBXTargetDependency */ = {
			isa = PBXTargetDependency;
			target = 1D9FCCD2253B66770081429F /* SimpleGains */;
			targetProxy = 1D9FCCF5253B667A0081429F /* PBXContainerItemProxy */;
		};
/* End PBXTargetDependency section */

/* Begin PBXVariantGroup section */
		1D9FCCDC253B66770081429F /* Main.storyboard */ = {
			isa = PBXVariantGroup;
			children = (
				1D9FCCDD253B66770081429F /* Base */,
			);
			name = Main.storyboard;
			sourceTree = "<group>";
		};
		1D9FCCE1253B667A0081429F /* LaunchScreen.storyboard */ = {
			isa = PBXVariantGroup;
			children = (
				1D9FCCE2253B667A0081429F /* Base */,
			);
			name = LaunchScreen.storyboard;
			sourceTree = "<group>";
		};
/* End PBXVariantGroup section */

/* Begin XCBuildConfiguration section */
		1D9FCCFB253B667A0081429F /* Debug */ = {
			isa = XCBuildConfiguration;
			buildSettings = {
				ALWAYS_SEARCH_USER_PATHS = NO;
				CLANG_ANALYZER_NONNULL = YES;
				CLANG_ANALYZER_NUMBER_OBJECT_CONVERSION = YES_AGGRESSIVE;
				CLANG_CXX_LANGUAGE_STANDARD = "gnu++14";
				CLANG_CXX_LIBRARY = "libc++";
				CLANG_ENABLE_MODULES = YES;
				CLANG_ENABLE_OBJC_ARC = YES;
				CLANG_ENABLE_OBJC_WEAK = YES;
				CLANG_WARN_BLOCK_CAPTURE_AUTORELEASING = YES;
				CLANG_WARN_BOOL_CONVERSION = YES;
				CLANG_WARN_COMMA = YES;
				CLANG_WARN_CONSTANT_CONVERSION = YES;
				CLANG_WARN_DEPRECATED_OBJC_IMPLEMENTATIONS = YES;
				CLANG_WARN_DIRECT_OBJC_ISA_USAGE = YES_ERROR;
				CLANG_WARN_DOCUMENTATION_COMMENTS = YES;
				CLANG_WARN_EMPTY_BODY = YES;
				CLANG_WARN_ENUM_CONVERSION = YES;
				CLANG_WARN_INFINITE_RECURSION = YES;
				CLANG_WARN_INT_CONVERSION = YES;
				CLANG_WARN_NON_LITERAL_NULL_CONVERSION = YES;
				CLANG_WARN_OBJC_IMPLICIT_RETAIN_SELF = YES;
				CLANG_WARN_OBJC_LITERAL_CONVERSION = YES;
				CLANG_WARN_OBJC_ROOT_CLASS = YES_ERROR;
				CLANG_WARN_QUOTED_INCLUDE_IN_FRAMEWORK_HEADER = YES;
				CLANG_WARN_RANGE_LOOP_ANALYSIS = YES;
				CLANG_WARN_STRICT_PROTOTYPES = YES;
				CLANG_WARN_SUSPICIOUS_MOVE = YES;
				CLANG_WARN_UNGUARDED_AVAILABILITY = YES_AGGRESSIVE;
				CLANG_WARN_UNREACHABLE_CODE = YES;
				CLANG_WARN__DUPLICATE_METHOD_MATCH = YES;
				COPY_PHASE_STRIP = NO;
				DEBUG_INFORMATION_FORMAT = dwarf;
				ENABLE_STRICT_OBJC_MSGSEND = YES;
				ENABLE_TESTABILITY = YES;
				GCC_C_LANGUAGE_STANDARD = gnu11;
				GCC_DYNAMIC_NO_PIC = NO;
				GCC_NO_COMMON_BLOCKS = YES;
				GCC_OPTIMIZATION_LEVEL = 0;
				GCC_PREPROCESSOR_DEFINITIONS = (
					"DEBUG=1",
					"$(inherited)",
				);
				GCC_WARN_64_TO_32_BIT_CONVERSION = YES;
				GCC_WARN_ABOUT_RETURN_TYPE = YES_ERROR;
				GCC_WARN_UNDECLARED_SELECTOR = YES;
				GCC_WARN_UNINITIALIZED_AUTOS = YES_AGGRESSIVE;
				GCC_WARN_UNUSED_FUNCTION = YES;
				GCC_WARN_UNUSED_VARIABLE = YES;
				IPHONEOS_DEPLOYMENT_TARGET = 14.1;
				MTL_ENABLE_DEBUG_INFO = INCLUDE_SOURCE;
				MTL_FAST_MATH = YES;
				ONLY_ACTIVE_ARCH = YES;
				SDKROOT = iphoneos;
				SWIFT_ACTIVE_COMPILATION_CONDITIONS = DEBUG;
				SWIFT_OPTIMIZATION_LEVEL = "-Onone";
			};
			name = Debug;
		};
		1D9FCCFC253B667A0081429F /* Release */ = {
			isa = XCBuildConfiguration;
			buildSettings = {
				ALWAYS_SEARCH_USER_PATHS = NO;
				CLANG_ANALYZER_NONNULL = YES;
				CLANG_ANALYZER_NUMBER_OBJECT_CONVERSION = YES_AGGRESSIVE;
				CLANG_CXX_LANGUAGE_STANDARD = "gnu++14";
				CLANG_CXX_LIBRARY = "libc++";
				CLANG_ENABLE_MODULES = YES;
				CLANG_ENABLE_OBJC_ARC = YES;
				CLANG_ENABLE_OBJC_WEAK = YES;
				CLANG_WARN_BLOCK_CAPTURE_AUTORELEASING = YES;
				CLANG_WARN_BOOL_CONVERSION = YES;
				CLANG_WARN_COMMA = YES;
				CLANG_WARN_CONSTANT_CONVERSION = YES;
				CLANG_WARN_DEPRECATED_OBJC_IMPLEMENTATIONS = YES;
				CLANG_WARN_DIRECT_OBJC_ISA_USAGE = YES_ERROR;
				CLANG_WARN_DOCUMENTATION_COMMENTS = YES;
				CLANG_WARN_EMPTY_BODY = YES;
				CLANG_WARN_ENUM_CONVERSION = YES;
				CLANG_WARN_INFINITE_RECURSION = YES;
				CLANG_WARN_INT_CONVERSION = YES;
				CLANG_WARN_NON_LITERAL_NULL_CONVERSION = YES;
				CLANG_WARN_OBJC_IMPLICIT_RETAIN_SELF = YES;
				CLANG_WARN_OBJC_LITERAL_CONVERSION = YES;
				CLANG_WARN_OBJC_ROOT_CLASS = YES_ERROR;
				CLANG_WARN_QUOTED_INCLUDE_IN_FRAMEWORK_HEADER = YES;
				CLANG_WARN_RANGE_LOOP_ANALYSIS = YES;
				CLANG_WARN_STRICT_PROTOTYPES = YES;
				CLANG_WARN_SUSPICIOUS_MOVE = YES;
				CLANG_WARN_UNGUARDED_AVAILABILITY = YES_AGGRESSIVE;
				CLANG_WARN_UNREACHABLE_CODE = YES;
				CLANG_WARN__DUPLICATE_METHOD_MATCH = YES;
				COPY_PHASE_STRIP = NO;
				DEBUG_INFORMATION_FORMAT = "dwarf-with-dsym";
				ENABLE_NS_ASSERTIONS = NO;
				ENABLE_STRICT_OBJC_MSGSEND = YES;
				GCC_C_LANGUAGE_STANDARD = gnu11;
				GCC_NO_COMMON_BLOCKS = YES;
				GCC_WARN_64_TO_32_BIT_CONVERSION = YES;
				GCC_WARN_ABOUT_RETURN_TYPE = YES_ERROR;
				GCC_WARN_UNDECLARED_SELECTOR = YES;
				GCC_WARN_UNINITIALIZED_AUTOS = YES_AGGRESSIVE;
				GCC_WARN_UNUSED_FUNCTION = YES;
				GCC_WARN_UNUSED_VARIABLE = YES;
				IPHONEOS_DEPLOYMENT_TARGET = 14.1;
				MTL_ENABLE_DEBUG_INFO = NO;
				MTL_FAST_MATH = YES;
				SDKROOT = iphoneos;
				SWIFT_COMPILATION_MODE = wholemodule;
				SWIFT_OPTIMIZATION_LEVEL = "-O";
				VALIDATE_PRODUCT = YES;
			};
			name = Release;
		};
		1D9FCCFE253B667A0081429F /* Debug */ = {
			isa = XCBuildConfiguration;
			buildSettings = {
				ASSETCATALOG_COMPILER_APPICON_NAME = AppIcon;
				ASSETCATALOG_COMPILER_GLOBAL_ACCENT_COLOR_NAME = Primary;
				CODE_SIGN_STYLE = Automatic;
				DEVELOPMENT_TEAM = SKL49NTL5D;
				INFOPLIST_FILE = Info.plist;
				IPHONEOS_DEPLOYMENT_TARGET = 14.1;
				LD_RUNPATH_SEARCH_PATHS = (
					"$(inherited)",
					"@executable_path/Frameworks",
				);
				PRODUCT_BUNDLE_IDENTIFIER = com.ShawnJames.SimpleGains;
				PRODUCT_NAME = "$(TARGET_NAME)";
				SWIFT_VERSION = 5.0;
				TARGETED_DEVICE_FAMILY = 1;
			};
			name = Debug;
		};
		1D9FCCFF253B667A0081429F /* Release */ = {
			isa = XCBuildConfiguration;
			buildSettings = {
				ASSETCATALOG_COMPILER_APPICON_NAME = AppIcon;
				ASSETCATALOG_COMPILER_GLOBAL_ACCENT_COLOR_NAME = Primary;
				CODE_SIGN_STYLE = Automatic;
				DEVELOPMENT_TEAM = SKL49NTL5D;
				INFOPLIST_FILE = Info.plist;
				IPHONEOS_DEPLOYMENT_TARGET = 14.1;
				LD_RUNPATH_SEARCH_PATHS = (
					"$(inherited)",
					"@executable_path/Frameworks",
				);
				PRODUCT_BUNDLE_IDENTIFIER = com.ShawnJames.SimpleGains;
				PRODUCT_NAME = "$(TARGET_NAME)";
				SWIFT_VERSION = 5.0;
				TARGETED_DEVICE_FAMILY = 1;
			};
			name = Release;
		};
		1D9FCD01253B667A0081429F /* Debug */ = {
			isa = XCBuildConfiguration;
			buildSettings = {
				ALWAYS_EMBED_SWIFT_STANDARD_LIBRARIES = YES;
				BUNDLE_LOADER = "$(TEST_HOST)";
				CODE_SIGN_STYLE = Automatic;
				DEVELOPMENT_TEAM = SKL49NTL5D;
				INFOPLIST_FILE = SimpleWorkoutTests/Info.plist;
				IPHONEOS_DEPLOYMENT_TARGET = 14.1;
				LD_RUNPATH_SEARCH_PATHS = (
					"$(inherited)",
					"@executable_path/Frameworks",
					"@loader_path/Frameworks",
				);
				PRODUCT_BUNDLE_IDENTIFIER = com.ShawnJames.SimpleWorkoutTests;
				PRODUCT_NAME = "$(TARGET_NAME)";
				SWIFT_VERSION = 5.0;
				TARGETED_DEVICE_FAMILY = "1,2";
				TEST_HOST = "$(BUILT_PRODUCTS_DIR)/SimpleGains.app/SimpleGains";
			};
			name = Debug;
		};
		1D9FCD02253B667A0081429F /* Release */ = {
			isa = XCBuildConfiguration;
			buildSettings = {
				ALWAYS_EMBED_SWIFT_STANDARD_LIBRARIES = YES;
				BUNDLE_LOADER = "$(TEST_HOST)";
				CODE_SIGN_STYLE = Automatic;
				DEVELOPMENT_TEAM = SKL49NTL5D;
				INFOPLIST_FILE = SimpleWorkoutTests/Info.plist;
				IPHONEOS_DEPLOYMENT_TARGET = 14.1;
				LD_RUNPATH_SEARCH_PATHS = (
					"$(inherited)",
					"@executable_path/Frameworks",
					"@loader_path/Frameworks",
				);
				PRODUCT_BUNDLE_IDENTIFIER = com.ShawnJames.SimpleWorkoutTests;
				PRODUCT_NAME = "$(TARGET_NAME)";
				SWIFT_VERSION = 5.0;
				TARGETED_DEVICE_FAMILY = "1,2";
				TEST_HOST = "$(BUILT_PRODUCTS_DIR)/SimpleGains.app/SimpleGains";
			};
			name = Release;
		};
		1D9FCD04253B667A0081429F /* Debug */ = {
			isa = XCBuildConfiguration;
			buildSettings = {
				ALWAYS_EMBED_SWIFT_STANDARD_LIBRARIES = YES;
				CODE_SIGN_STYLE = Automatic;
				DEVELOPMENT_TEAM = SKL49NTL5D;
				INFOPLIST_FILE = SimpleWorkoutUITests/Info.plist;
				LD_RUNPATH_SEARCH_PATHS = (
					"$(inherited)",
					"@executable_path/Frameworks",
					"@loader_path/Frameworks",
				);
				PRODUCT_BUNDLE_IDENTIFIER = com.ShawnJames.SimpleWorkoutUITests;
				PRODUCT_NAME = "$(TARGET_NAME)";
				SWIFT_VERSION = 5.0;
				TARGETED_DEVICE_FAMILY = "1,2";
				TEST_TARGET_NAME = SimpleWorkout;
			};
			name = Debug;
		};
		1D9FCD05253B667A0081429F /* Release */ = {
			isa = XCBuildConfiguration;
			buildSettings = {
				ALWAYS_EMBED_SWIFT_STANDARD_LIBRARIES = YES;
				CODE_SIGN_STYLE = Automatic;
				DEVELOPMENT_TEAM = SKL49NTL5D;
				INFOPLIST_FILE = SimpleWorkoutUITests/Info.plist;
				LD_RUNPATH_SEARCH_PATHS = (
					"$(inherited)",
					"@executable_path/Frameworks",
					"@loader_path/Frameworks",
				);
				PRODUCT_BUNDLE_IDENTIFIER = com.ShawnJames.SimpleWorkoutUITests;
				PRODUCT_NAME = "$(TARGET_NAME)";
				SWIFT_VERSION = 5.0;
				TARGETED_DEVICE_FAMILY = "1,2";
				TEST_TARGET_NAME = SimpleWorkout;
			};
			name = Release;
		};
/* End XCBuildConfiguration section */

/* Begin XCConfigurationList section */
		1D9FCCCE253B66770081429F /* Build configuration list for PBXProject "SimpleGains" */ = {
			isa = XCConfigurationList;
			buildConfigurations = (
				1D9FCCFB253B667A0081429F /* Debug */,
				1D9FCCFC253B667A0081429F /* Release */,
			);
			defaultConfigurationIsVisible = 0;
			defaultConfigurationName = Release;
		};
		1D9FCCFD253B667A0081429F /* Build configuration list for PBXNativeTarget "SimpleGains" */ = {
			isa = XCConfigurationList;
			buildConfigurations = (
				1D9FCCFE253B667A0081429F /* Debug */,
				1D9FCCFF253B667A0081429F /* Release */,
			);
			defaultConfigurationIsVisible = 0;
			defaultConfigurationName = Release;
		};
		1D9FCD00253B667A0081429F /* Build configuration list for PBXNativeTarget "SimpleGainsTests" */ = {
			isa = XCConfigurationList;
			buildConfigurations = (
				1D9FCD01253B667A0081429F /* Debug */,
				1D9FCD02253B667A0081429F /* Release */,
			);
			defaultConfigurationIsVisible = 0;
			defaultConfigurationName = Release;
		};
		1D9FCD03253B667A0081429F /* Build configuration list for PBXNativeTarget "SimpleGainsUITests" */ = {
			isa = XCConfigurationList;
			buildConfigurations = (
				1D9FCD04253B667A0081429F /* Debug */,
				1D9FCD05253B667A0081429F /* Release */,
			);
			defaultConfigurationIsVisible = 0;
			defaultConfigurationName = Release;
		};
/* End XCConfigurationList section */

/* Begin XCVersionGroup section */
		1D685DD2254F6997006F0E5E /* PersistentModel.xcdatamodeld */ = {
			isa = XCVersionGroup;
			children = (
				1D685DD3254F6997006F0E5E /* PersistentModel.xcdatamodel */,
			);
			currentVersion = 1D685DD3254F6997006F0E5E /* PersistentModel.xcdatamodel */;
			path = PersistentModel.xcdatamodeld;
			sourceTree = "<group>";
			versionGroupType = wrapper.xcdatamodel;
		};
/* End XCVersionGroup section */
	};
	rootObject = 1D9FCCCB253B66770081429F /* Project object */;
}
