// !$*UTF8*$!
{
	archiveVersion = 1;
	classes = {
	};
	objectVersion = 50;
	objects = {

/* Begin PBXBuildFile section */
		1D28448E2551273F008C7288 /* TabBarVC.swift in Sources */ = {isa = PBXBuildFile; fileRef = 1D28448D2551273F008C7288 /* TabBarVC.swift */; };
		1D3064442558A54C0076CC5E /* AutoCompleteTextField.swift in Sources */ = {isa = PBXBuildFile; fileRef = 1D3064432558A54C0076CC5E /* AutoCompleteTextField.swift */; };
		1D4D7A28255CA19D001F70AB /* DropDownTableViewCell.swift in Sources */ = {isa = PBXBuildFile; fileRef = 1D4D7A27255CA19D001F70AB /* DropDownTableViewCell.swift */; };
		1D50F1A52556421E00E65DE3 /* SWRoundButton.swift in Sources */ = {isa = PBXBuildFile; fileRef = 1D50F1A42556421E00E65DE3 /* SWRoundButton.swift */; };
		1D51E8732544AB1400029560 /* SWButton.swift in Sources */ = {isa = PBXBuildFile; fileRef = 1D51E8722544AB1400029560 /* SWButton.swift */; };
		1D5611C72554B92F0000E16A /* UserDefaultsKey.swift in Sources */ = {isa = PBXBuildFile; fileRef = 1D5611C62554B92F0000E16A /* UserDefaultsKey.swift */; };
		1D685DB12549CC5A006F0E5E /* AddedExercisesTableViewCell.swift in Sources */ = {isa = PBXBuildFile; fileRef = 1D685DB02549CC5A006F0E5E /* AddedExercisesTableViewCell.swift */; };
		1D685DBD254F27EB006F0E5E /* Themes.swift in Sources */ = {isa = PBXBuildFile; fileRef = 1D685DBC254F27EB006F0E5E /* Themes.swift */; };
		1D685DCE254F35DD006F0E5E /* NavBarExtensions.swift in Sources */ = {isa = PBXBuildFile; fileRef = 1D685DCD254F35DD006F0E5E /* NavBarExtensions.swift */; };
		1D685DD4254F6997006F0E5E /* PersistentModel.xcdatamodeld in Sources */ = {isa = PBXBuildFile; fileRef = 1D685DD2254F6997006F0E5E /* PersistentModel.xcdatamodeld */; };
		1D685DD9254F69E3006F0E5E /* CoreData.swift in Sources */ = {isa = PBXBuildFile; fileRef = 1D685DD8254F69E3006F0E5E /* CoreData.swift */; };
		1D685E06254F8E36006F0E5E /* Weekday+Convenience.swift in Sources */ = {isa = PBXBuildFile; fileRef = 1D685E05254F8E36006F0E5E /* Weekday+Convenience.swift */; };
		1D8CF9CB2550EF2100588E82 /* AutoCompleteOption+CoreDataClass.swift in Sources */ = {isa = PBXBuildFile; fileRef = 1D8CF9C92550EF2100588E82 /* AutoCompleteOption+CoreDataClass.swift */; };
		1D8CF9CC2550EF2100588E82 /* AutoCompleteOption+CoreDataProperties.swift in Sources */ = {isa = PBXBuildFile; fileRef = 1D8CF9CA2550EF2100588E82 /* AutoCompleteOption+CoreDataProperties.swift */; };
		1D9AD6552558ED9100FA21D1 /* ExerciseMC.swift in Sources */ = {isa = PBXBuildFile; fileRef = 1D9AD6542558ED9100FA21D1 /* ExerciseMC.swift */; };
		1D9AD7172559129400FA21D1 /* Exercise+Convenience.swift in Sources */ = {isa = PBXBuildFile; fileRef = 1D9AD7162559129400FA21D1 /* Exercise+Convenience.swift */; };
		1D9FCCD7253B66770081429F /* AppDelegate.swift in Sources */ = {isa = PBXBuildFile; fileRef = 1D9FCCD6253B66770081429F /* AppDelegate.swift */; };
		1D9FCCD9253B66770081429F /* SceneDelegate.swift in Sources */ = {isa = PBXBuildFile; fileRef = 1D9FCCD8253B66770081429F /* SceneDelegate.swift */; };
		1D9FCCDE253B66770081429F /* Main.storyboard in Resources */ = {isa = PBXBuildFile; fileRef = 1D9FCCDC253B66770081429F /* Main.storyboard */; };
		1D9FCCE0253B667A0081429F /* Assets.xcassets in Resources */ = {isa = PBXBuildFile; fileRef = 1D9FCCDF253B667A0081429F /* Assets.xcassets */; };
		1D9FCCE3253B667A0081429F /* LaunchScreen.storyboard in Resources */ = {isa = PBXBuildFile; fileRef = 1D9FCCE1253B667A0081429F /* LaunchScreen.storyboard */; };
		1D9FCCEE253B667A0081429F /* SimpleWorkoutTests.swift in Sources */ = {isa = PBXBuildFile; fileRef = 1D9FCCED253B667A0081429F /* SimpleWorkoutTests.swift */; };
		1D9FCCF9253B667A0081429F /* SimpleWorkoutUITests.swift in Sources */ = {isa = PBXBuildFile; fileRef = 1D9FCCF8253B667A0081429F /* SimpleWorkoutUITests.swift */; };
		1D9FCD0D253B66E70081429F /* GuardDebugOperator.swift in Sources */ = {isa = PBXBuildFile; fileRef = 1D9FCD0C253B66E70081429F /* GuardDebugOperator.swift */; };
		1D9FCD22253B69900081429F /* AppNavigation.swift in Sources */ = {isa = PBXBuildFile; fileRef = 1D9FCD21253B69900081429F /* AppNavigation.swift */; };
		1D9FCD2F253B6C200081429F /* ViewExtensions.swift in Sources */ = {isa = PBXBuildFile; fileRef = 1D9FCD2E253B6C200081429F /* ViewExtensions.swift */; };
		1D9FCD37253B6C600081429F /* DateExtensions.swift in Sources */ = {isa = PBXBuildFile; fileRef = 1D9FCD36253B6C600081429F /* DateExtensions.swift */; };
		1D9FCD74253D16AC0081429F /* SettingsVM.swift in Sources */ = {isa = PBXBuildFile; fileRef = 1D9FCD73253D16AC0081429F /* SettingsVM.swift */; };
		1D9FCD86253D1E9C0081429F /* WeekVC.swift in Sources */ = {isa = PBXBuildFile; fileRef = 1D9FCD85253D1E9C0081429F /* WeekVC.swift */; };
		1D9FCDC3253D31F10081429F /* SegueId.swift in Sources */ = {isa = PBXBuildFile; fileRef = 1D9FCDC2253D31F10081429F /* SegueId.swift */; };
		1D9FCDC8253D35D30081429F /* DayVC.swift in Sources */ = {isa = PBXBuildFile; fileRef = 1D9FCDC7253D35D30081429F /* DayVC.swift */; };
		1DA49F442544CA6200097F0D /* AutoCompleteMC.swift in Sources */ = {isa = PBXBuildFile; fileRef = 1DA49F432544CA6200097F0D /* AutoCompleteMC.swift */; };
		1DAA0212255F05D40066FC35 /* SWTableViewCell.swift in Sources */ = {isa = PBXBuildFile; fileRef = 1DAA0211255F05D40066FC35 /* SWTableViewCell.swift */; };
		1DAA021E255F083A0066FC35 /* SWTableView.swift in Sources */ = {isa = PBXBuildFile; fileRef = 1DAA021D255F083A0066FC35 /* SWTableView.swift */; };
		1DAA022E255F095A0066FC35 /* SWViewController.swift in Sources */ = {isa = PBXBuildFile; fileRef = 1DAA022D255F095A0066FC35 /* SWViewController.swift */; };
		1DAA0233255F09D80066FC35 /* SWTableViewController.swift in Sources */ = {isa = PBXBuildFile; fileRef = 1DAA0232255F09D80066FC35 /* SWTableViewController.swift */; };
		1DAA023E255F0D4D0066FC35 /* SWNavigationController.swift in Sources */ = {isa = PBXBuildFile; fileRef = 1DAA023D255F0D4D0066FC35 /* SWNavigationController.swift */; };
		1DB1691A255C85B8002FCB8A /* ReusableView.swift in Sources */ = {isa = PBXBuildFile; fileRef = 1DB16919255C85B8002FCB8A /* ReusableView.swift */; };
		1DB1691F255C86A1002FCB8A /* TableViewExtensions.swift in Sources */ = {isa = PBXBuildFile; fileRef = 1DB1691E255C86A1002FCB8A /* TableViewExtensions.swift */; };
		1DB16936255C8875002FCB8A /* WeekTableViewCell.swift in Sources */ = {isa = PBXBuildFile; fileRef = 1DB16935255C8875002FCB8A /* WeekTableViewCell.swift */; };
		1DD78205254660E8008A83A9 /* AutoCompleteTableView.swift in Sources */ = {isa = PBXBuildFile; fileRef = 1DD78204254660E8008A83A9 /* AutoCompleteTableView.swift */; };
		1DD7821F25467FE5008A83A9 /* NumberTextField.swift in Sources */ = {isa = PBXBuildFile; fileRef = 1DD7821E25467FE5008A83A9 /* NumberTextField.swift */; };
/* End PBXBuildFile section */

/* Begin PBXContainerItemProxy section */
		1D9FCCEA253B667A0081429F /* PBXContainerItemProxy */ = {
			isa = PBXContainerItemProxy;
			containerPortal = 1D9FCCCB253B66770081429F /* Project object */;
			proxyType = 1;
			remoteGlobalIDString = 1D9FCCD2253B66770081429F;
			remoteInfo = SimpleWorkout;
		};
		1D9FCCF5253B667A0081429F /* PBXContainerItemProxy */ = {
			isa = PBXContainerItemProxy;
			containerPortal = 1D9FCCCB253B66770081429F /* Project object */;
			proxyType = 1;
			remoteGlobalIDString = 1D9FCCD2253B66770081429F;
			remoteInfo = SimpleWorkout;
		};
/* End PBXContainerItemProxy section */

/* Begin PBXFileReference section */
		1D28448D2551273F008C7288 /* TabBarVC.swift */ = {isa = PBXFileReference; fileEncoding = 4; lastKnownFileType = sourcecode.swift; path = TabBarVC.swift; sourceTree = "<group>"; };
		1D3064432558A54C0076CC5E /* AutoCompleteTextField.swift */ = {isa = PBXFileReference; lastKnownFileType = sourcecode.swift; path = AutoCompleteTextField.swift; sourceTree = "<group>"; };
		1D4D7A27255CA19D001F70AB /* DropDownTableViewCell.swift */ = {isa = PBXFileReference; lastKnownFileType = sourcecode.swift; path = DropDownTableViewCell.swift; sourceTree = "<group>"; };
		1D50F1A42556421E00E65DE3 /* SWRoundButton.swift */ = {isa = PBXFileReference; lastKnownFileType = sourcecode.swift; path = SWRoundButton.swift; sourceTree = "<group>"; };
		1D51E8722544AB1400029560 /* SWButton.swift */ = {isa = PBXFileReference; lastKnownFileType = sourcecode.swift; path = SWButton.swift; sourceTree = "<group>"; };
		1D5611C62554B92F0000E16A /* UserDefaultsKey.swift */ = {isa = PBXFileReference; lastKnownFileType = sourcecode.swift; path = UserDefaultsKey.swift; sourceTree = "<group>"; };
		1D685DB02549CC5A006F0E5E /* AddedExercisesTableViewCell.swift */ = {isa = PBXFileReference; lastKnownFileType = sourcecode.swift; path = AddedExercisesTableViewCell.swift; sourceTree = "<group>"; };
		1D685DBC254F27EB006F0E5E /* Themes.swift */ = {isa = PBXFileReference; lastKnownFileType = sourcecode.swift; path = Themes.swift; sourceTree = "<group>"; };
		1D685DCD254F35DD006F0E5E /* NavBarExtensions.swift */ = {isa = PBXFileReference; lastKnownFileType = sourcecode.swift; path = NavBarExtensions.swift; sourceTree = "<group>"; };
		1D685DD3254F6997006F0E5E /* PersistentModel.xcdatamodel */ = {isa = PBXFileReference; lastKnownFileType = wrapper.xcdatamodel; path = PersistentModel.xcdatamodel; sourceTree = "<group>"; };
		1D685DD8254F69E3006F0E5E /* CoreData.swift */ = {isa = PBXFileReference; lastKnownFileType = sourcecode.swift; path = CoreData.swift; sourceTree = "<group>"; };
		1D685E05254F8E36006F0E5E /* Weekday+Convenience.swift */ = {isa = PBXFileReference; lastKnownFileType = sourcecode.swift; path = "Weekday+Convenience.swift"; sourceTree = "<group>"; };
		1D8CF9C92550EF2100588E82 /* AutoCompleteOption+CoreDataClass.swift */ = {isa = PBXFileReference; lastKnownFileType = sourcecode.swift; path = "AutoCompleteOption+CoreDataClass.swift"; sourceTree = "<group>"; };
		1D8CF9CA2550EF2100588E82 /* AutoCompleteOption+CoreDataProperties.swift */ = {isa = PBXFileReference; lastKnownFileType = sourcecode.swift; path = "AutoCompleteOption+CoreDataProperties.swift"; sourceTree = "<group>"; };
		1D9AD6542558ED9100FA21D1 /* ExerciseMC.swift */ = {isa = PBXFileReference; lastKnownFileType = sourcecode.swift; path = ExerciseMC.swift; sourceTree = "<group>"; };
		1D9AD7162559129400FA21D1 /* Exercise+Convenience.swift */ = {isa = PBXFileReference; lastKnownFileType = sourcecode.swift; path = "Exercise+Convenience.swift"; sourceTree = "<group>"; };
		1D9FCCD3253B66770081429F /* SimpleWorkout.app */ = {isa = PBXFileReference; explicitFileType = wrapper.application; includeInIndex = 0; path = SimpleWorkout.app; sourceTree = BUILT_PRODUCTS_DIR; };
		1D9FCCD6253B66770081429F /* AppDelegate.swift */ = {isa = PBXFileReference; lastKnownFileType = sourcecode.swift; path = AppDelegate.swift; sourceTree = "<group>"; };
		1D9FCCD8253B66770081429F /* SceneDelegate.swift */ = {isa = PBXFileReference; lastKnownFileType = sourcecode.swift; path = SceneDelegate.swift; sourceTree = "<group>"; };
		1D9FCCDD253B66770081429F /* Base */ = {isa = PBXFileReference; lastKnownFileType = file.storyboard; name = Base; path = Base.lproj/Main.storyboard; sourceTree = "<group>"; };
		1D9FCCDF253B667A0081429F /* Assets.xcassets */ = {isa = PBXFileReference; lastKnownFileType = folder.assetcatalog; path = Assets.xcassets; sourceTree = "<group>"; };
		1D9FCCE2253B667A0081429F /* Base */ = {isa = PBXFileReference; lastKnownFileType = file.storyboard; name = Base; path = Base.lproj/LaunchScreen.storyboard; sourceTree = "<group>"; };
		1D9FCCE4253B667A0081429F /* Info.plist */ = {isa = PBXFileReference; lastKnownFileType = text.plist.xml; path = Info.plist; sourceTree = "<group>"; };
		1D9FCCE9253B667A0081429F /* SimpleWorkoutTests.xctest */ = {isa = PBXFileReference; explicitFileType = wrapper.cfbundle; includeInIndex = 0; path = SimpleWorkoutTests.xctest; sourceTree = BUILT_PRODUCTS_DIR; };
		1D9FCCED253B667A0081429F /* SimpleWorkoutTests.swift */ = {isa = PBXFileReference; lastKnownFileType = sourcecode.swift; path = SimpleWorkoutTests.swift; sourceTree = "<group>"; };
		1D9FCCEF253B667A0081429F /* Info.plist */ = {isa = PBXFileReference; lastKnownFileType = text.plist.xml; path = Info.plist; sourceTree = "<group>"; };
		1D9FCCF4253B667A0081429F /* SimpleWorkoutUITests.xctest */ = {isa = PBXFileReference; explicitFileType = wrapper.cfbundle; includeInIndex = 0; path = SimpleWorkoutUITests.xctest; sourceTree = BUILT_PRODUCTS_DIR; };
		1D9FCCF8253B667A0081429F /* SimpleWorkoutUITests.swift */ = {isa = PBXFileReference; lastKnownFileType = sourcecode.swift; path = SimpleWorkoutUITests.swift; sourceTree = "<group>"; };
		1D9FCCFA253B667A0081429F /* Info.plist */ = {isa = PBXFileReference; lastKnownFileType = text.plist.xml; path = Info.plist; sourceTree = "<group>"; };
		1D9FCD0C253B66E70081429F /* GuardDebugOperator.swift */ = {isa = PBXFileReference; lastKnownFileType = sourcecode.swift; path = GuardDebugOperator.swift; sourceTree = "<group>"; };
		1D9FCD21253B69900081429F /* AppNavigation.swift */ = {isa = PBXFileReference; lastKnownFileType = sourcecode.swift; path = AppNavigation.swift; sourceTree = "<group>"; };
		1D9FCD2E253B6C200081429F /* ViewExtensions.swift */ = {isa = PBXFileReference; lastKnownFileType = sourcecode.swift; path = ViewExtensions.swift; sourceTree = "<group>"; };
		1D9FCD36253B6C600081429F /* DateExtensions.swift */ = {isa = PBXFileReference; lastKnownFileType = sourcecode.swift; path = DateExtensions.swift; sourceTree = "<group>"; };
		1D9FCD73253D16AC0081429F /* SettingsVM.swift */ = {isa = PBXFileReference; lastKnownFileType = sourcecode.swift; path = SettingsVM.swift; sourceTree = "<group>"; };
		1D9FCD85253D1E9C0081429F /* WeekVC.swift */ = {isa = PBXFileReference; lastKnownFileType = sourcecode.swift; path = WeekVC.swift; sourceTree = "<group>"; };
		1D9FCDC2253D31F10081429F /* SegueId.swift */ = {isa = PBXFileReference; lastKnownFileType = sourcecode.swift; path = SegueId.swift; sourceTree = "<group>"; };
		1D9FCDC7253D35D30081429F /* DayVC.swift */ = {isa = PBXFileReference; lastKnownFileType = sourcecode.swift; path = DayVC.swift; sourceTree = "<group>"; };
		1DA49F432544CA6200097F0D /* AutoCompleteMC.swift */ = {isa = PBXFileReference; lastKnownFileType = sourcecode.swift; path = AutoCompleteMC.swift; sourceTree = "<group>"; };
		1DAA0211255F05D40066FC35 /* SWTableViewCell.swift */ = {isa = PBXFileReference; lastKnownFileType = sourcecode.swift; path = SWTableViewCell.swift; sourceTree = "<group>"; };
		1DAA021D255F083A0066FC35 /* SWTableView.swift */ = {isa = PBXFileReference; lastKnownFileType = sourcecode.swift; path = SWTableView.swift; sourceTree = "<group>"; };
		1DAA022D255F095A0066FC35 /* SWViewController.swift */ = {isa = PBXFileReference; lastKnownFileType = sourcecode.swift; path = SWViewController.swift; sourceTree = "<group>"; };
		1DAA0232255F09D80066FC35 /* SWTableViewController.swift */ = {isa = PBXFileReference; lastKnownFileType = sourcecode.swift; path = SWTableViewController.swift; sourceTree = "<group>"; };
		1DAA023D255F0D4D0066FC35 /* SWNavigationController.swift */ = {isa = PBXFileReference; lastKnownFileType = sourcecode.swift; path = SWNavigationController.swift; sourceTree = "<group>"; };
		1DB16919255C85B8002FCB8A /* ReusableView.swift */ = {isa = PBXFileReference; lastKnownFileType = sourcecode.swift; path = ReusableView.swift; sourceTree = "<group>"; };
		1DB1691E255C86A1002FCB8A /* TableViewExtensions.swift */ = {isa = PBXFileReference; lastKnownFileType = sourcecode.swift; path = TableViewExtensions.swift; sourceTree = "<group>"; };
		1DB16935255C8875002FCB8A /* WeekTableViewCell.swift */ = {isa = PBXFileReference; lastKnownFileType = sourcecode.swift; path = WeekTableViewCell.swift; sourceTree = "<group>"; };
		1DD78204254660E8008A83A9 /* AutoCompleteTableView.swift */ = {isa = PBXFileReference; lastKnownFileType = sourcecode.swift; path = AutoCompleteTableView.swift; sourceTree = "<group>"; };
		1DD7821E25467FE5008A83A9 /* NumberTextField.swift */ = {isa = PBXFileReference; lastKnownFileType = sourcecode.swift; path = NumberTextField.swift; sourceTree = "<group>"; };
/* End PBXFileReference section */

/* Begin PBXFrameworksBuildPhase section */
		1D9FCCD0253B66770081429F /* Frameworks */ = {
			isa = PBXFrameworksBuildPhase;
			buildActionMask = 2147483647;
			files = (
			);
			runOnlyForDeploymentPostprocessing = 0;
		};
		1D9FCCE6253B667A0081429F /* Frameworks */ = {
			isa = PBXFrameworksBuildPhase;
			buildActionMask = 2147483647;
			files = (
			);
			runOnlyForDeploymentPostprocessing = 0;
		};
		1D9FCCF1253B667A0081429F /* Frameworks */ = {
			isa = PBXFrameworksBuildPhase;
			buildActionMask = 2147483647;
			files = (
			);
			runOnlyForDeploymentPostprocessing = 0;
		};
/* End PBXFrameworksBuildPhase section */

/* Begin PBXGroup section */
		1D3064482558A5550076CC5E /* CoreData */ = {
			isa = PBXGroup;
			children = (
				1D685DD2254F6997006F0E5E /* PersistentModel.xcdatamodeld */,
				1D8CF9C92550EF2100588E82 /* AutoCompleteOption+CoreDataClass.swift */,
				1D8CF9CA2550EF2100588E82 /* AutoCompleteOption+CoreDataProperties.swift */,
				1D685E05254F8E36006F0E5E /* Weekday+Convenience.swift */,
				1D9AD7162559129400FA21D1 /* Exercise+Convenience.swift */,
			);
			path = CoreData;
			sourceTree = "<group>";
		};
		1D30644A2558A57F0076CC5E /* Buttons */ = {
			isa = PBXGroup;
			children = (
				1D50F1A42556421E00E65DE3 /* SWRoundButton.swift */,
				1D51E8722544AB1400029560 /* SWButton.swift */,
			);
			path = Buttons;
			sourceTree = "<group>";
		};
		1D30644B2558A58F0076CC5E /* Views */ = {
			isa = PBXGroup;
			children = (
				1DD78204254660E8008A83A9 /* AutoCompleteTableView.swift */,
			);
			path = Views;
			sourceTree = "<group>";
		};
		1D30644C2558A5A40076CC5E /* TextFields */ = {
			isa = PBXGroup;
			children = (
				1D3064432558A54C0076CC5E /* AutoCompleteTextField.swift */,
				1DD7821E25467FE5008A83A9 /* NumberTextField.swift */,
			);
			path = TextFields;
			sourceTree = "<group>";
		};
		1D685DBB254F27D0006F0E5E /* Colors */ = {
			isa = PBXGroup;
			children = (
				1D9FCCDF253B667A0081429F /* Assets.xcassets */,
				1D685DBC254F27EB006F0E5E /* Themes.swift */,
			);
			path = Colors;
			sourceTree = "<group>";
		};
		1D9AD6412558E20000FA21D1 /* Cells */ = {
			isa = PBXGroup;
			children = (
				1D685DB02549CC5A006F0E5E /* AddedExercisesTableViewCell.swift */,
				1DB16935255C8875002FCB8A /* WeekTableViewCell.swift */,
				1D4D7A27255CA19D001F70AB /* DropDownTableViewCell.swift */,
			);
			path = Cells;
			sourceTree = "<group>";
		};
		1D9FCCCA253B66770081429F = {
			isa = PBXGroup;
			children = (
				1D9FCCE4253B667A0081429F /* Info.plist */,
				1D9FCCD5253B66770081429F /* SimpleWorkout */,
				1D9FCCEC253B667A0081429F /* SimpleWorkoutTests */,
				1D9FCCF7253B667A0081429F /* SimpleWorkoutUITests */,
				1D9FCCD4253B66770081429F /* Products */,
			);
			sourceTree = "<group>";
		};
		1D9FCCD4253B66770081429F /* Products */ = {
			isa = PBXGroup;
			children = (
				1D9FCCD3253B66770081429F /* SimpleWorkout.app */,
				1D9FCCE9253B667A0081429F /* SimpleWorkoutTests.xctest */,
				1D9FCCF4253B667A0081429F /* SimpleWorkoutUITests.xctest */,
			);
			name = Products;
			sourceTree = "<group>";
		};
		1D9FCCD5253B66770081429F /* SimpleWorkout */ = {
			isa = PBXGroup;
			children = (
				1D9FCD1B253B67670081429F /* Coordination */,
				1D9FCD1F253B67EF0081429F /* View Controllers (VC) */,
				1D9FCD6F253D14C40081429F /* View Models (VM) */,
				1DA49F3A2544C29800097F0D /* Model Controllers (MC) */,
				1D9FCD20253B68160081429F /* Library */,
			);
			path = SimpleWorkout;
			sourceTree = "<group>";
		};
		1D9FCCEC253B667A0081429F /* SimpleWorkoutTests */ = {
			isa = PBXGroup;
			children = (
				1D9FCCED253B667A0081429F /* SimpleWorkoutTests.swift */,
				1D9FCCEF253B667A0081429F /* Info.plist */,
			);
			path = SimpleWorkoutTests;
			sourceTree = "<group>";
		};
		1D9FCCF7253B667A0081429F /* SimpleWorkoutUITests */ = {
			isa = PBXGroup;
			children = (
				1D9FCCF8253B667A0081429F /* SimpleWorkoutUITests.swift */,
				1D9FCCFA253B667A0081429F /* Info.plist */,
			);
			path = SimpleWorkoutUITests;
			sourceTree = "<group>";
		};
		1D9FCD1B253B67670081429F /* Coordination */ = {
			isa = PBXGroup;
			children = (
				1D9FCCE1253B667A0081429F /* LaunchScreen.storyboard */,
				1D9FCCD6253B66770081429F /* AppDelegate.swift */,
				1D9FCCD8253B66770081429F /* SceneDelegate.swift */,
				1D9FCCDC253B66770081429F /* Main.storyboard */,
				1D9FCD21253B69900081429F /* AppNavigation.swift */,
			);
			path = Coordination;
			sourceTree = "<group>";
		};
		1D9FCD1F253B67EF0081429F /* View Controllers (VC) */ = {
			isa = PBXGroup;
			children = (
				1D9FCD85253D1E9C0081429F /* WeekVC.swift */,
				1D9FCDC7253D35D30081429F /* DayVC.swift */,
			);
			path = "View Controllers (VC)";
			sourceTree = "<group>";
		};
		1D9FCD20253B68160081429F /* Library */ = {
			isa = PBXGroup;
			children = (
				1D685DBB254F27D0006F0E5E /* Colors */,
				1D9FCDAB253D2B490081429F /* Namespacing */,
				1D9FCD41253B7D460081429F /* Types */,
				1D9FCD2D253B6BF20081429F /* Extensions */,
				1D9FCD2C253B6B990081429F /* Operators */,
			);
			path = Library;
			sourceTree = "<group>";
		};
		1D9FCD2C253B6B990081429F /* Operators */ = {
			isa = PBXGroup;
			children = (
				1D9FCD0C253B66E70081429F /* GuardDebugOperator.swift */,
			);
			path = Operators;
			sourceTree = "<group>";
		};
		1D9FCD2D253B6BF20081429F /* Extensions */ = {
			isa = PBXGroup;
			children = (
				1D9FCD2E253B6C200081429F /* ViewExtensions.swift */,
				1D9FCD36253B6C600081429F /* DateExtensions.swift */,
				1D685DCD254F35DD006F0E5E /* NavBarExtensions.swift */,
				1DB1691E255C86A1002FCB8A /* TableViewExtensions.swift */,
			);
			path = Extensions;
			sourceTree = "<group>";
		};
		1D9FCD41253B7D460081429F /* Types */ = {
			isa = PBXGroup;
			children = (
				1DAA0219255F07BF0066FC35 /* Design */,
				1DB16918255C85A9002FCB8A /* Protocols */,
				1D9AD6412558E20000FA21D1 /* Cells */,
				1D30644A2558A57F0076CC5E /* Buttons */,
				1D30644B2558A58F0076CC5E /* Views */,
				1D30644C2558A5A40076CC5E /* TextFields */,
				1D3064482558A5550076CC5E /* CoreData */,
			);
			path = Types;
			sourceTree = "<group>";
		};
		1D9FCD6F253D14C40081429F /* View Models (VM) */ = {
			isa = PBXGroup;
			children = (
				1D9FCD73253D16AC0081429F /* SettingsVM.swift */,
			);
			path = "View Models (VM)";
			sourceTree = "<group>";
		};
		1D9FCDAB253D2B490081429F /* Namespacing */ = {
			isa = PBXGroup;
			children = (
				1D9FCDC2253D31F10081429F /* SegueId.swift */,
				1D5611C62554B92F0000E16A /* UserDefaultsKey.swift */,
			);
			path = Namespacing;
			sourceTree = "<group>";
		};
		1DA49F3A2544C29800097F0D /* Model Controllers (MC) */ = {
			isa = PBXGroup;
			children = (
				1DA49F432544CA6200097F0D /* AutoCompleteMC.swift */,
				1D685DD8254F69E3006F0E5E /* CoreData.swift */,
				1D9AD6542558ED9100FA21D1 /* ExerciseMC.swift */,
			);
			path = "Model Controllers (MC)";
			sourceTree = "<group>";
		};
		1DAA0219255F07BF0066FC35 /* Design */ = {
			isa = PBXGroup;
			children = (
				1D28448D2551273F008C7288 /* TabBarVC.swift */,
				1DAA0211255F05D40066FC35 /* SWTableViewCell.swift */,
				1DAA021D255F083A0066FC35 /* SWTableView.swift */,
				1DAA022D255F095A0066FC35 /* SWViewController.swift */,
				1DAA0232255F09D80066FC35 /* SWTableViewController.swift */,
				1DAA023D255F0D4D0066FC35 /* SWNavigationController.swift */,
			);
			path = Design;
			sourceTree = "<group>";
		};
		1DB16918255C85A9002FCB8A /* Protocols */ = {
			isa = PBXGroup;
			children = (
				1DB16919255C85B8002FCB8A /* ReusableView.swift */,
			);
			path = Protocols;
			sourceTree = "<group>";
		};
/* End PBXGroup section */

/* Begin PBXNativeTarget section */
		1D9FCCD2253B66770081429F /* SimpleWorkout */ = {
			isa = PBXNativeTarget;
			buildConfigurationList = 1D9FCCFD253B667A0081429F /* Build configuration list for PBXNativeTarget "SimpleWorkout" */;
			buildPhases = (
				1D9FCCCF253B66770081429F /* Sources */,
				1D9FCCD0253B66770081429F /* Frameworks */,
				1D9FCCD1253B66770081429F /* Resources */,
			);
			buildRules = (
			);
			dependencies = (
			);
			name = SimpleWorkout;
			productName = SimpleWorkout;
			productReference = 1D9FCCD3253B66770081429F /* SimpleWorkout.app */;
			productType = "com.apple.product-type.application";
		};
		1D9FCCE8253B667A0081429F /* SimpleWorkoutTests */ = {
			isa = PBXNativeTarget;
			buildConfigurationList = 1D9FCD00253B667A0081429F /* Build configuration list for PBXNativeTarget "SimpleWorkoutTests" */;
			buildPhases = (
				1D9FCCE5253B667A0081429F /* Sources */,
				1D9FCCE6253B667A0081429F /* Frameworks */,
				1D9FCCE7253B667A0081429F /* Resources */,
			);
			buildRules = (
			);
			dependencies = (
				1D9FCCEB253B667A0081429F /* PBXTargetDependency */,
			);
			name = SimpleWorkoutTests;
			productName = SimpleWorkoutTests;
			productReference = 1D9FCCE9253B667A0081429F /* SimpleWorkoutTests.xctest */;
			productType = "com.apple.product-type.bundle.unit-test";
		};
		1D9FCCF3253B667A0081429F /* SimpleWorkoutUITests */ = {
			isa = PBXNativeTarget;
			buildConfigurationList = 1D9FCD03253B667A0081429F /* Build configuration list for PBXNativeTarget "SimpleWorkoutUITests" */;
			buildPhases = (
				1D9FCCF0253B667A0081429F /* Sources */,
				1D9FCCF1253B667A0081429F /* Frameworks */,
				1D9FCCF2253B667A0081429F /* Resources */,
			);
			buildRules = (
			);
			dependencies = (
				1D9FCCF6253B667A0081429F /* PBXTargetDependency */,
			);
			name = SimpleWorkoutUITests;
			productName = SimpleWorkoutUITests;
			productReference = 1D9FCCF4253B667A0081429F /* SimpleWorkoutUITests.xctest */;
			productType = "com.apple.product-type.bundle.ui-testing";
		};
/* End PBXNativeTarget section */

/* Begin PBXProject section */
		1D9FCCCB253B66770081429F /* Project object */ = {
			isa = PBXProject;
			attributes = {
				LastSwiftUpdateCheck = 1200;
				LastUpgradeCheck = 1200;
				ORGANIZATIONNAME = ShawnJames;
				TargetAttributes = {
					1D9FCCD2253B66770081429F = {
						CreatedOnToolsVersion = 12.0.1;
					};
					1D9FCCE8253B667A0081429F = {
						CreatedOnToolsVersion = 12.0.1;
						TestTargetID = 1D9FCCD2253B66770081429F;
					};
					1D9FCCF3253B667A0081429F = {
						CreatedOnToolsVersion = 12.0.1;
						TestTargetID = 1D9FCCD2253B66770081429F;
					};
				};
			};
			buildConfigurationList = 1D9FCCCE253B66770081429F /* Build configuration list for PBXProject "SimpleWorkout" */;
			compatibilityVersion = "Xcode 9.3";
			developmentRegion = en;
			hasScannedForEncodings = 0;
			knownRegions = (
				en,
				Base,
			);
			mainGroup = 1D9FCCCA253B66770081429F;
			productRefGroup = 1D9FCCD4253B66770081429F /* Products */;
			projectDirPath = "";
			projectRoot = "";
			targets = (
				1D9FCCD2253B66770081429F /* SimpleWorkout */,
				1D9FCCE8253B667A0081429F /* SimpleWorkoutTests */,
				1D9FCCF3253B667A0081429F /* SimpleWorkoutUITests */,
			);
		};
/* End PBXProject section */

/* Begin PBXResourcesBuildPhase section */
		1D9FCCD1253B66770081429F /* Resources */ = {
			isa = PBXResourcesBuildPhase;
			buildActionMask = 2147483647;
			files = (
				1D9FCCE3253B667A0081429F /* LaunchScreen.storyboard in Resources */,
				1D9FCCE0253B667A0081429F /* Assets.xcassets in Resources */,
				1D9FCCDE253B66770081429F /* Main.storyboard in Resources */,
			);
			runOnlyForDeploymentPostprocessing = 0;
		};
		1D9FCCE7253B667A0081429F /* Resources */ = {
			isa = PBXResourcesBuildPhase;
			buildActionMask = 2147483647;
			files = (
			);
			runOnlyForDeploymentPostprocessing = 0;
		};
		1D9FCCF2253B667A0081429F /* Resources */ = {
			isa = PBXResourcesBuildPhase;
			buildActionMask = 2147483647;
			files = (
			);
			runOnlyForDeploymentPostprocessing = 0;
		};
/* End PBXResourcesBuildPhase section */

/* Begin PBXSourcesBuildPhase section */
		1D9FCCCF253B66770081429F /* Sources */ = {
			isa = PBXSourcesBuildPhase;
			buildActionMask = 2147483647;
			files = (
				1D4D7A28255CA19D001F70AB /* DropDownTableViewCell.swift in Sources */,
				1D9FCD86253D1E9C0081429F /* WeekVC.swift in Sources */,
				1D51E8732544AB1400029560 /* SWButton.swift in Sources */,
				1D685DB12549CC5A006F0E5E /* AddedExercisesTableViewCell.swift in Sources */,
				1D9AD7172559129400FA21D1 /* Exercise+Convenience.swift in Sources */,
				1DAA021E255F083A0066FC35 /* SWTableView.swift in Sources */,
				1DB16936255C8875002FCB8A /* WeekTableViewCell.swift in Sources */,
				1D9FCDC3253D31F10081429F /* SegueId.swift in Sources */,
				1D9FCD37253B6C600081429F /* DateExtensions.swift in Sources */,
				1D685E06254F8E36006F0E5E /* Weekday+Convenience.swift in Sources */,
				1D685DD4254F6997006F0E5E /* PersistentModel.xcdatamodeld in Sources */,
				1D3064442558A54C0076CC5E /* AutoCompleteTextField.swift in Sources */,
				1D8CF9CC2550EF2100588E82 /* AutoCompleteOption+CoreDataProperties.swift in Sources */,
				1DAA022E255F095A0066FC35 /* SWViewController.swift in Sources */,
				1DA49F442544CA6200097F0D /* AutoCompleteMC.swift in Sources */,
				1D8CF9CB2550EF2100588E82 /* AutoCompleteOption+CoreDataClass.swift in Sources */,
				1D28448E2551273F008C7288 /* TabBarVC.swift in Sources */,
				1D9FCD0D253B66E70081429F /* GuardDebugOperator.swift in Sources */,
				1D9FCD22253B69900081429F /* AppNavigation.swift in Sources */,
				1DD7821F25467FE5008A83A9 /* NumberTextField.swift in Sources */,
				1DAA023E255F0D4D0066FC35 /* SWNavigationController.swift in Sources */,
				1D685DCE254F35DD006F0E5E /* NavBarExtensions.swift in Sources */,
				1DB1691F255C86A1002FCB8A /* TableViewExtensions.swift in Sources */,
				1D685DD9254F69E3006F0E5E /* CoreData.swift in Sources */,
				1D685DBD254F27EB006F0E5E /* Themes.swift in Sources */,
				1D50F1A52556421E00E65DE3 /* SWRoundButton.swift in Sources */,
				1DD78205254660E8008A83A9 /* AutoCompleteTableView.swift in Sources */,
				1D9FCCD7253B66770081429F /* AppDelegate.swift in Sources */,
				1D9FCD2F253B6C200081429F /* ViewExtensions.swift in Sources */,
				1D5611C72554B92F0000E16A /* UserDefaultsKey.swift in Sources */,
				1DB1691A255C85B8002FCB8A /* ReusableView.swift in Sources */,
				1D9FCCD9253B66770081429F /* SceneDelegate.swift in Sources */,
				1D9AD6552558ED9100FA21D1 /* ExerciseMC.swift in Sources */,
				1D9FCD74253D16AC0081429F /* SettingsVM.swift in Sources */,
				1D9FCDC8253D35D30081429F /* DayVC.swift in Sources */,
				1DAA0212255F05D40066FC35 /* SWTableViewCell.swift in Sources */,
				1DAA0233255F09D80066FC35 /* SWTableViewController.swift in Sources */,
			);
			runOnlyForDeploymentPostprocessing = 0;
		};
		1D9FCCE5253B667A0081429F /* Sources */ = {
			isa = PBXSourcesBuildPhase;
			buildActionMask = 2147483647;
			files = (
				1D9FCCEE253B667A0081429F /* SimpleWorkoutTests.swift in Sources */,
			);
			runOnlyForDeploymentPostprocessing = 0;
		};
		1D9FCCF0253B667A0081429F /* Sources */ = {
			isa = PBXSourcesBuildPhase;
			buildActionMask = 2147483647;
			files = (
				1D9FCCF9253B667A0081429F /* SimpleWorkoutUITests.swift in Sources */,
			);
			runOnlyForDeploymentPostprocessing = 0;
		};
/* End PBXSourcesBuildPhase section */

/* Begin PBXTargetDependency section */
		1D9FCCEB253B667A0081429F /* PBXTargetDependency */ = {
			isa = PBXTargetDependency;
			target = 1D9FCCD2253B66770081429F /* SimpleWorkout */;
			targetProxy = 1D9FCCEA253B667A0081429F /* PBXContainerItemProxy */;
		};
		1D9FCCF6253B667A0081429F /* PBXTargetDependency */ = {
			isa = PBXTargetDependency;
			target = 1D9FCCD2253B66770081429F /* SimpleWorkout */;
			targetProxy = 1D9FCCF5253B667A0081429F /* PBXContainerItemProxy */;
		};
/* End PBXTargetDependency section */

/* Begin PBXVariantGroup section */
		1D9FCCDC253B66770081429F /* Main.storyboard */ = {
			isa = PBXVariantGroup;
			children = (
				1D9FCCDD253B66770081429F /* Base */,
			);
			name = Main.storyboard;
			sourceTree = "<group>";
		};
		1D9FCCE1253B667A0081429F /* LaunchScreen.storyboard */ = {
			isa = PBXVariantGroup;
			children = (
				1D9FCCE2253B667A0081429F /* Base */,
			);
			name = LaunchScreen.storyboard;
			sourceTree = "<group>";
		};
/* End PBXVariantGroup section */

/* Begin XCBuildConfiguration section */
		1D9FCCFB253B667A0081429F /* Debug */ = {
			isa = XCBuildConfiguration;
			buildSettings = {
				ALWAYS_SEARCH_USER_PATHS = NO;
				CLANG_ANALYZER_NONNULL = YES;
				CLANG_ANALYZER_NUMBER_OBJECT_CONVERSION = YES_AGGRESSIVE;
				CLANG_CXX_LANGUAGE_STANDARD = "gnu++14";
				CLANG_CXX_LIBRARY = "libc++";
				CLANG_ENABLE_MODULES = YES;
				CLANG_ENABLE_OBJC_ARC = YES;
				CLANG_ENABLE_OBJC_WEAK = YES;
				CLANG_WARN_BLOCK_CAPTURE_AUTORELEASING = YES;
				CLANG_WARN_BOOL_CONVERSION = YES;
				CLANG_WARN_COMMA = YES;
				CLANG_WARN_CONSTANT_CONVERSION = YES;
				CLANG_WARN_DEPRECATED_OBJC_IMPLEMENTATIONS = YES;
				CLANG_WARN_DIRECT_OBJC_ISA_USAGE = YES_ERROR;
				CLANG_WARN_DOCUMENTATION_COMMENTS = YES;
				CLANG_WARN_EMPTY_BODY = YES;
				CLANG_WARN_ENUM_CONVERSION = YES;
				CLANG_WARN_INFINITE_RECURSION = YES;
				CLANG_WARN_INT_CONVERSION = YES;
				CLANG_WARN_NON_LITERAL_NULL_CONVERSION = YES;
				CLANG_WARN_OBJC_IMPLICIT_RETAIN_SELF = YES;
				CLANG_WARN_OBJC_LITERAL_CONVERSION = YES;
				CLANG_WARN_OBJC_ROOT_CLASS = YES_ERROR;
				CLANG_WARN_QUOTED_INCLUDE_IN_FRAMEWORK_HEADER = YES;
				CLANG_WARN_RANGE_LOOP_ANALYSIS = YES;
				CLANG_WARN_STRICT_PROTOTYPES = YES;
				CLANG_WARN_SUSPICIOUS_MOVE = YES;
				CLANG_WARN_UNGUARDED_AVAILABILITY = YES_AGGRESSIVE;
				CLANG_WARN_UNREACHABLE_CODE = YES;
				CLANG_WARN__DUPLICATE_METHOD_MATCH = YES;
				COPY_PHASE_STRIP = NO;
				DEBUG_INFORMATION_FORMAT = dwarf;
				ENABLE_STRICT_OBJC_MSGSEND = YES;
				ENABLE_TESTABILITY = YES;
				GCC_C_LANGUAGE_STANDARD = gnu11;
				GCC_DYNAMIC_NO_PIC = NO;
				GCC_NO_COMMON_BLOCKS = YES;
				GCC_OPTIMIZATION_LEVEL = 0;
				GCC_PREPROCESSOR_DEFINITIONS = (
					"DEBUG=1",
					"$(inherited)",
				);
				GCC_WARN_64_TO_32_BIT_CONVERSION = YES;
				GCC_WARN_ABOUT_RETURN_TYPE = YES_ERROR;
				GCC_WARN_UNDECLARED_SELECTOR = YES;
				GCC_WARN_UNINITIALIZED_AUTOS = YES_AGGRESSIVE;
				GCC_WARN_UNUSED_FUNCTION = YES;
				GCC_WARN_UNUSED_VARIABLE = YES;
				IPHONEOS_DEPLOYMENT_TARGET = 14.1;
				MTL_ENABLE_DEBUG_INFO = INCLUDE_SOURCE;
				MTL_FAST_MATH = YES;
				ONLY_ACTIVE_ARCH = YES;
				SDKROOT = iphoneos;
				SWIFT_ACTIVE_COMPILATION_CONDITIONS = DEBUG;
				SWIFT_OPTIMIZATION_LEVEL = "-Onone";
			};
			name = Debug;
		};
		1D9FCCFC253B667A0081429F /* Release */ = {
			isa = XCBuildConfiguration;
			buildSettings = {
				ALWAYS_SEARCH_USER_PATHS = NO;
				CLANG_ANALYZER_NONNULL = YES;
				CLANG_ANALYZER_NUMBER_OBJECT_CONVERSION = YES_AGGRESSIVE;
				CLANG_CXX_LANGUAGE_STANDARD = "gnu++14";
				CLANG_CXX_LIBRARY = "libc++";
				CLANG_ENABLE_MODULES = YES;
				CLANG_ENABLE_OBJC_ARC = YES;
				CLANG_ENABLE_OBJC_WEAK = YES;
				CLANG_WARN_BLOCK_CAPTURE_AUTORELEASING = YES;
				CLANG_WARN_BOOL_CONVERSION = YES;
				CLANG_WARN_COMMA = YES;
				CLANG_WARN_CONSTANT_CONVERSION = YES;
				CLANG_WARN_DEPRECATED_OBJC_IMPLEMENTATIONS = YES;
				CLANG_WARN_DIRECT_OBJC_ISA_USAGE = YES_ERROR;
				CLANG_WARN_DOCUMENTATION_COMMENTS = YES;
				CLANG_WARN_EMPTY_BODY = YES;
				CLANG_WARN_ENUM_CONVERSION = YES;
				CLANG_WARN_INFINITE_RECURSION = YES;
				CLANG_WARN_INT_CONVERSION = YES;
				CLANG_WARN_NON_LITERAL_NULL_CONVERSION = YES;
				CLANG_WARN_OBJC_IMPLICIT_RETAIN_SELF = YES;
				CLANG_WARN_OBJC_LITERAL_CONVERSION = YES;
				CLANG_WARN_OBJC_ROOT_CLASS = YES_ERROR;
				CLANG_WARN_QUOTED_INCLUDE_IN_FRAMEWORK_HEADER = YES;
				CLANG_WARN_RANGE_LOOP_ANALYSIS = YES;
				CLANG_WARN_STRICT_PROTOTYPES = YES;
				CLANG_WARN_SUSPICIOUS_MOVE = YES;
				CLANG_WARN_UNGUARDED_AVAILABILITY = YES_AGGRESSIVE;
				CLANG_WARN_UNREACHABLE_CODE = YES;
				CLANG_WARN__DUPLICATE_METHOD_MATCH = YES;
				COPY_PHASE_STRIP = NO;
				DEBUG_INFORMATION_FORMAT = "dwarf-with-dsym";
				ENABLE_NS_ASSERTIONS = NO;
				ENABLE_STRICT_OBJC_MSGSEND = YES;
				GCC_C_LANGUAGE_STANDARD = gnu11;
				GCC_NO_COMMON_BLOCKS = YES;
				GCC_WARN_64_TO_32_BIT_CONVERSION = YES;
				GCC_WARN_ABOUT_RETURN_TYPE = YES_ERROR;
				GCC_WARN_UNDECLARED_SELECTOR = YES;
				GCC_WARN_UNINITIALIZED_AUTOS = YES_AGGRESSIVE;
				GCC_WARN_UNUSED_FUNCTION = YES;
				GCC_WARN_UNUSED_VARIABLE = YES;
				IPHONEOS_DEPLOYMENT_TARGET = 14.1;
				MTL_ENABLE_DEBUG_INFO = NO;
				MTL_FAST_MATH = YES;
				SDKROOT = iphoneos;
				SWIFT_COMPILATION_MODE = wholemodule;
				SWIFT_OPTIMIZATION_LEVEL = "-O";
				VALIDATE_PRODUCT = YES;
			};
			name = Release;
		};
		1D9FCCFE253B667A0081429F /* Debug */ = {
			isa = XCBuildConfiguration;
			buildSettings = {
				ASSETCATALOG_COMPILER_APPICON_NAME = AppIcon;
				ASSETCATALOG_COMPILER_GLOBAL_ACCENT_COLOR_NAME = Primary;
				CODE_SIGN_STYLE = Automatic;
				DEVELOPMENT_TEAM = SKL49NTL5D;
				INFOPLIST_FILE = Info.plist;
				IPHONEOS_DEPLOYMENT_TARGET = 14.1;
				LD_RUNPATH_SEARCH_PATHS = (
					"$(inherited)",
					"@executable_path/Frameworks",
				);
				PRODUCT_BUNDLE_IDENTIFIER = com.ShawnJames.SimpleWorkout;
				PRODUCT_NAME = "$(TARGET_NAME)";
				SWIFT_VERSION = 5.0;
				TARGETED_DEVICE_FAMILY = 1;
			};
			name = Debug;
		};
		1D9FCCFF253B667A0081429F /* Release */ = {
			isa = XCBuildConfiguration;
			buildSettings = {
				ASSETCATALOG_COMPILER_APPICON_NAME = AppIcon;
				ASSETCATALOG_COMPILER_GLOBAL_ACCENT_COLOR_NAME = Primary;
				CODE_SIGN_STYLE = Automatic;
				DEVELOPMENT_TEAM = SKL49NTL5D;
				INFOPLIST_FILE = Info.plist;
				IPHONEOS_DEPLOYMENT_TARGET = 14.1;
				LD_RUNPATH_SEARCH_PATHS = (
					"$(inherited)",
					"@executable_path/Frameworks",
				);
				PRODUCT_BUNDLE_IDENTIFIER = com.ShawnJames.SimpleWorkout;
				PRODUCT_NAME = "$(TARGET_NAME)";
				SWIFT_VERSION = 5.0;
				TARGETED_DEVICE_FAMILY = 1;
			};
			name = Release;
		};
		1D9FCD01253B667A0081429F /* Debug */ = {
			isa = XCBuildConfiguration;
			buildSettings = {
				ALWAYS_EMBED_SWIFT_STANDARD_LIBRARIES = YES;
				BUNDLE_LOADER = "$(TEST_HOST)";
				CODE_SIGN_STYLE = Automatic;
				DEVELOPMENT_TEAM = SKL49NTL5D;
				INFOPLIST_FILE = SimpleWorkoutTests/Info.plist;
				IPHONEOS_DEPLOYMENT_TARGET = 14.1;
				LD_RUNPATH_SEARCH_PATHS = (
					"$(inherited)",
					"@executable_path/Frameworks",
					"@loader_path/Frameworks",
				);
				PRODUCT_BUNDLE_IDENTIFIER = com.ShawnJames.SimpleWorkoutTests;
				PRODUCT_NAME = "$(TARGET_NAME)";
				SWIFT_VERSION = 5.0;
				TARGETED_DEVICE_FAMILY = "1,2";
				TEST_HOST = "$(BUILT_PRODUCTS_DIR)/SimpleWorkout.app/SimpleWorkout";
			};
			name = Debug;
		};
		1D9FCD02253B667A0081429F /* Release */ = {
			isa = XCBuildConfiguration;
			buildSettings = {
				ALWAYS_EMBED_SWIFT_STANDARD_LIBRARIES = YES;
				BUNDLE_LOADER = "$(TEST_HOST)";
				CODE_SIGN_STYLE = Automatic;
				DEVELOPMENT_TEAM = SKL49NTL5D;
				INFOPLIST_FILE = SimpleWorkoutTests/Info.plist;
				IPHONEOS_DEPLOYMENT_TARGET = 14.1;
				LD_RUNPATH_SEARCH_PATHS = (
					"$(inherited)",
					"@executable_path/Frameworks",
					"@loader_path/Frameworks",
				);
				PRODUCT_BUNDLE_IDENTIFIER = com.ShawnJames.SimpleWorkoutTests;
				PRODUCT_NAME = "$(TARGET_NAME)";
				SWIFT_VERSION = 5.0;
				TARGETED_DEVICE_FAMILY = "1,2";
				TEST_HOST = "$(BUILT_PRODUCTS_DIR)/SimpleWorkout.app/SimpleWorkout";
			};
			name = Release;
		};
		1D9FCD04253B667A0081429F /* Debug */ = {
			isa = XCBuildConfiguration;
			buildSettings = {
				ALWAYS_EMBED_SWIFT_STANDARD_LIBRARIES = YES;
				CODE_SIGN_STYLE = Automatic;
				DEVELOPMENT_TEAM = SKL49NTL5D;
				INFOPLIST_FILE = SimpleWorkoutUITests/Info.plist;
				LD_RUNPATH_SEARCH_PATHS = (
					"$(inherited)",
					"@executable_path/Frameworks",
					"@loader_path/Frameworks",
				);
				PRODUCT_BUNDLE_IDENTIFIER = com.ShawnJames.SimpleWorkoutUITests;
				PRODUCT_NAME = "$(TARGET_NAME)";
				SWIFT_VERSION = 5.0;
				TARGETED_DEVICE_FAMILY = "1,2";
				TEST_TARGET_NAME = SimpleWorkout;
			};
			name = Debug;
		};
		1D9FCD05253B667A0081429F /* Release */ = {
			isa = XCBuildConfiguration;
			buildSettings = {
				ALWAYS_EMBED_SWIFT_STANDARD_LIBRARIES = YES;
				CODE_SIGN_STYLE = Automatic;
				DEVELOPMENT_TEAM = SKL49NTL5D;
				INFOPLIST_FILE = SimpleWorkoutUITests/Info.plist;
				LD_RUNPATH_SEARCH_PATHS = (
					"$(inherited)",
					"@executable_path/Frameworks",
					"@loader_path/Frameworks",
				);
				PRODUCT_BUNDLE_IDENTIFIER = com.ShawnJames.SimpleWorkoutUITests;
				PRODUCT_NAME = "$(TARGET_NAME)";
				SWIFT_VERSION = 5.0;
				TARGETED_DEVICE_FAMILY = "1,2";
				TEST_TARGET_NAME = SimpleWorkout;
			};
			name = Release;
		};
/* End XCBuildConfiguration section */

/* Begin XCConfigurationList section */
		1D9FCCCE253B66770081429F /* Build configuration list for PBXProject "SimpleWorkout" */ = {
			isa = XCConfigurationList;
			buildConfigurations = (
				1D9FCCFB253B667A0081429F /* Debug */,
				1D9FCCFC253B667A0081429F /* Release */,
			);
			defaultConfigurationIsVisible = 0;
			defaultConfigurationName = Release;
		};
		1D9FCCFD253B667A0081429F /* Build configuration list for PBXNativeTarget "SimpleWorkout" */ = {
			isa = XCConfigurationList;
			buildConfigurations = (
				1D9FCCFE253B667A0081429F /* Debug */,
				1D9FCCFF253B667A0081429F /* Release */,
			);
			defaultConfigurationIsVisible = 0;
			defaultConfigurationName = Release;
		};
		1D9FCD00253B667A0081429F /* Build configuration list for PBXNativeTarget "SimpleWorkoutTests" */ = {
			isa = XCConfigurationList;
			buildConfigurations = (
				1D9FCD01253B667A0081429F /* Debug */,
				1D9FCD02253B667A0081429F /* Release */,
			);
			defaultConfigurationIsVisible = 0;
			defaultConfigurationName = Release;
		};
		1D9FCD03253B667A0081429F /* Build configuration list for PBXNativeTarget "SimpleWorkoutUITests" */ = {
			isa = XCConfigurationList;
			buildConfigurations = (
				1D9FCD04253B667A0081429F /* Debug */,
				1D9FCD05253B667A0081429F /* Release */,
			);
			defaultConfigurationIsVisible = 0;
			defaultConfigurationName = Release;
		};
/* End XCConfigurationList section */

/* Begin XCVersionGroup section */
		1D685DD2254F6997006F0E5E /* PersistentModel.xcdatamodeld */ = {
			isa = XCVersionGroup;
			children = (
				1D685DD3254F6997006F0E5E /* PersistentModel.xcdatamodel */,
			);
			currentVersion = 1D685DD3254F6997006F0E5E /* PersistentModel.xcdatamodel */;
			path = PersistentModel.xcdatamodeld;
			sourceTree = "<group>";
			versionGroupType = wrapper.xcdatamodel;
		};
/* End XCVersionGroup section */
	};
	rootObject = 1D9FCCCB253B66770081429F /* Project object */;
}
